Microsoft Visual Studio Solution File, Format Version 12.00
# Visual Studio Version 17
VisualStudioVersion = 17.8.34330.188
MinimumVisualStudioVersion = 16.0.0.0
Project("{9A19103F-16F7-4668-BE54-9A1E7A4F7556}") = "SharpRepoBackendProg", "..\03_projects\SharpRepoBackend\SharpRepoBackendProg\SharpRepoBackendProg.csproj", "{D37FD7C7-91FC-4AC4-A4A4-BD2E02A2CA31}"
EndProject
Project("{9A19103F-16F7-4668-BE54-9A1E7A4F7556}") = "SharpRepoServiceProg", "..\03_projects\SharpRepoService\SharpRepoServiceProg\SharpRepoServiceProg.csproj", "{03E459E0-984E-441B-87AF-E030B80B781A}"
EndProject
Project("{9A19103F-16F7-4668-BE54-9A1E7A4F7556}") = "SharpFileServiceProg", "..\03_projects\SharpFileService\SharpFileServiceProg\SharpFileServiceProg.csproj", "{B7A3D285-4122-4C69-A849-2874B7337320}"
EndProject
Project("{9A19103F-16F7-4668-BE54-9A1E7A4F7556}") = "SharpButtonActionsProg", "..\03_projects\SharpButtonActions\SharpButtonActionsProg\SharpButtonActionsProg.csproj", "{7A0D2D0B-70F6-4693-9270-39B60E7C38F2}"
EndProject
Project("{9A19103F-16F7-4668-BE54-9A1E7A4F7556}") = "SharpNotesMigrationProg", "..\03_projects\SharpNotesMigration\SharpNotesMigrationProg\SharpNotesMigrationProg.csproj", "{E3900933-BC6A-40D0-8E54-8BD7C77992E2}"
EndProject
Project("{9A19103F-16F7-4668-BE54-9A1E7A4F7556}") = "SharpNotesMigrationTests", "..\03_projects\SharpNotesMigration\SharpNotesMigrationTests\SharpNotesMigrationTests.csproj", "{CD5B0787-44DE-48DB-94E1-735E2D38A9C3}"
EndProject
Project("{9A19103F-16F7-4668-BE54-9A1E7A4F7556}") = "SharpTextHeaderAnalyzerProg", "..\03_projects\SharpTextHeaderAnalyzer\SharpTextHeaderAnalyzerProg\SharpTextHeaderAnalyzerProg.csproj", "{4C2C9280-E8F6-4A4C-B194-C41BF1641089}"
EndProject
Project("{9A19103F-16F7-4668-BE54-9A1E7A4F7556}") = "SharpPdfServiceProg", "..\03_projects\SharpPdfService\SharpPdfServiceProg\SharpPdfServiceProg.csproj", "{A038B29B-1571-47DE-824B-D2FA6ECF162B}"
EndProject
Project("{9A19103F-16F7-4668-BE54-9A1E7A4F7556}") = "SharpNotesExporterProg", "..\03_projects\SharpNotesExporter\SharpNotesExporterProg\SharpNotesExporterProg.csproj", "{7EF98731-1A1F-42C0-8FD2-44CC670246FB}"
EndProject
Project("{9A19103F-16F7-4668-BE54-9A1E7A4F7556}") = "SharpConfigProg", "..\03_projects\SharpConfig\SharpConfigProg\SharpConfigProg.csproj", "{5E9463A9-D5C4-49DC-A0D8-E0434835C6AB}"
EndProject
Project("{9A19103F-16F7-4668-BE54-9A1E7A4F7556}") = "SharpContainerProg", "..\03_projects\SharpContainer\SharpContainerProg\SharpContainerProg.csproj", "{7121670A-1E0E-4A81-A306-C070C38BC69C}"
EndProject
Project("{2150E333-8FDC-42A3-9474-1A3956D46DE8}") = "03_projects", "03_projects", "{6B35EB4A-F473-4F74-9CA1-937E48F494D1}"
EndProject
Project("{2150E333-8FDC-42A3-9474-1A3956D46DE8}") = "05_projects", "05_projects", "{DA94FE2E-E594-4673-A854-56FB88A3DEF8}"
EndProject
Project("{2150E333-8FDC-42A3-9474-1A3956D46DE8}") = "06_projects", "06_projects", "{22C1FE9E-D613-477A-9238-61C5BF58705D}"
EndProject
Project("{FAE04EC0-301F-11D3-BF4B-00C04F79EFBC}") = "SharpGoogleDriveProg", "..\03_projects\SharpGoogleDrive\SharpGoogleDriveProg\SharpGoogleDriveProg.csproj", "{A3DEF290-D9C5-4B9A-B684-334E0927B7E3}"
EndProject
Project("{FAE04EC0-301F-11D3-BF4B-00C04F79EFBC}") = "SharpGoogleDocsProg", "..\03_projects\SharpGoogleDocs\SharpGoogleDocsProg\SharpGoogleDocsProg.csproj", "{87D1F2D5-1D4C-4160-931D-F561B59A5126}"
EndProject
Project("{FAE04EC0-301F-11D3-BF4B-00C04F79EFBC}") = "SharpGoogleSheetProg", "..\03_projects\SharpGoogleSheet\SharpGoogleSheetProg\SharpGoogleSheetProg.csproj", "{790A6142-8B06-4D42-95E1-EC0122FCF6F7}"
EndProject
Project("{FAE04EC0-301F-11D3-BF4B-00C04F79EFBC}") = "SharpTtsServiceProg", "..\03_projects\SharpTtsService\SharpTtsServiceProg\SharpTtsServiceProg.csproj", "{5A46E9DD-D5A6-4C40-9097-158D26EFB10C}"
EndProject
Project("{FAE04EC0-301F-11D3-BF4B-00C04F79EFBC}") = "SharpVideoServiceProg", "..\03_projects\SharpVideoService\SharpVideoServiceProg\SharpVideoServiceProg.csproj", "{C79A4802-D0D8-407D-A3D7-29D7C261C86C}"
EndProject
Project("{FAE04EC0-301F-11D3-BF4B-00C04F79EFBC}") = "SharpSQLiteProj", "..\03_projects\SharpSQLite\SharpSQLiteProg\SharpSQLiteProj.csproj", "{D06A0161-E8A6-4CCE-A52D-037A96A87877}"
EndProject
Project("{FAE04EC0-301F-11D3-BF4B-00C04F79EFBC}") = "SharpHttpRequesterProg", "..\03_projects\SharpHttpRequester\SharpHttpRequesterProg\SharpHttpRequesterProg.csproj", "{9DED9584-BF49-4F48-9D05-615634F2A811}"
EndProject
Project("{2150E333-8FDC-42A3-9474-1A3956D46DE8}") = "Public", "Public", "{48422CB9-B74D-4757-BE7F-C88D1A6F299D}"
EndProject
Project("{FAE04EC0-301F-11D3-BF4B-00C04F79EFBC}") = "SharpOperationsProg", "..\03_projects\SharpOperations\SharpOperationsProg\SharpOperationsProg.csproj", "{CC2DC53D-9F14-407E-9FDE-8D7B0A680F68}"
EndProject
Project("{FAE04EC0-301F-11D3-BF4B-00C04F79EFBC}") = "SharpTtsServiceProg2", "..\03_projects\SharpTtsService\SharpTtsServiceProg2\SharpTtsServiceProg2.csproj", "{A80862D6-0064-4269-A628-04B772822B33}"
EndProject
Project("{FAE04EC0-301F-11D3-BF4B-00C04F79EFBC}") = "SharpImageSplitterProg", "..\03_projects\SharpImageSplitter\SharpImageSplitterProg\SharpImageSplitterProg.csproj", "{F469682E-569A-4B3D-9140-8FBCE5E820A0}"
EndProject
Project("{2150E333-8FDC-42A3-9474-1A3956D46DE8}") = "02_settings", "02_settings", "{5D364D75-F151-464D-882B-862A9E59A384}"
	ProjectSection(SolutionItems) = preProject
		public_google-cloud-secrets.json = public_google-cloud-secrets.json
	EndProjectSection
EndProject
Project("{FAE04EC0-301F-11D3-BF4B-00C04F79EFBC}") = "BlazorUniSystemClient", "..\05_projects\BlazorUniSystemClient\BlazorUniSystemClient.csproj", "{4736F500-0A3F-49BE-9566-C36FB4DD5B42}"
EndProject
Project("{FAE04EC0-301F-11D3-BF4B-00C04F79EFBC}") = "BlazorUniSystemCore", "..\05_projects\BlazorUniSystemCore\BlazorUniSystemCore.csproj", "{1B362CC9-369E-4DE4-8EF0-614383C27BEB}"
EndProject
Project("{2150E333-8FDC-42A3-9474-1A3956D46DE8}") = "04_registrations", "04_registrations", "{4F8DE020-6357-47A3-8F7D-8190899CEEC9}"
EndProject
Project("{FAE04EC0-301F-11D3-BF4B-00C04F79EFBC}") = "PublicBlazorUniSystem", "..\05_projects\PublicBlazorUniSystem\PublicBlazorUniSystem.csproj", "{15D8D211-5901-44D5-BC33-6BB97F1B1898}"
EndProject
Project("{FAE04EC0-301F-11D3-BF4B-00C04F79EFBC}") = "WpfCoreProg", "..\06_projects\WpfCore\WpfCoreProg\WpfCoreProg.csproj", "{62F32CC6-80CE-4C24-B5E2-953B9C2C9369}"
EndProject
Project("{FAE04EC0-301F-11D3-BF4B-00C04F79EFBC}") = "WpfNotesSystemProg01", "..\06_projects\WpfNotesSystem01\WpfNotesSystemProg01\WpfNotesSystemProg01.csproj", "{B0749B6F-2DAD-4062-8852-B6058F3BD069}"
EndProject
Project("{FAE04EC0-301F-11D3-BF4B-00C04F79EFBC}") = "SharpSetup01Prog", "..\04_registrations\SharpSetup01Prog\SharpSetup01Prog.csproj", "{C5AAF190-AD1F-462B-978D-2836BC0261C0}"
EndProject
Project("{FAE04EC0-301F-11D3-BF4B-00C04F79EFBC}") = "BlazorUniComponents", "..\05_projects\BlazorUniComponents\BlazorUniComponents.csproj", "{3D2B95FD-91E0-4D37-A79D-B7B9912089D5}"
EndProject
Global
	GlobalSection(SolutionConfigurationPlatforms) = preSolution
		Debug|Any CPU = Debug|Any CPU
		Debug|x64 = Debug|x64
		Debug|x86 = Debug|x86
		Release|Any CPU = Release|Any CPU
		Release|x64 = Release|x64
		Release|x86 = Release|x86
	EndGlobalSection
	GlobalSection(ProjectConfigurationPlatforms) = postSolution
		{D37FD7C7-91FC-4AC4-A4A4-BD2E02A2CA31}.Debug|Any CPU.ActiveCfg = Debug|Any CPU
		{D37FD7C7-91FC-4AC4-A4A4-BD2E02A2CA31}.Debug|Any CPU.Build.0 = Debug|Any CPU
		{D37FD7C7-91FC-4AC4-A4A4-BD2E02A2CA31}.Debug|x64.ActiveCfg = Debug|Any CPU
		{D37FD7C7-91FC-4AC4-A4A4-BD2E02A2CA31}.Debug|x64.Build.0 = Debug|Any CPU
		{D37FD7C7-91FC-4AC4-A4A4-BD2E02A2CA31}.Debug|x86.ActiveCfg = Debug|Any CPU
		{D37FD7C7-91FC-4AC4-A4A4-BD2E02A2CA31}.Debug|x86.Build.0 = Debug|Any CPU
		{D37FD7C7-91FC-4AC4-A4A4-BD2E02A2CA31}.Release|Any CPU.ActiveCfg = Release|Any CPU
		{D37FD7C7-91FC-4AC4-A4A4-BD2E02A2CA31}.Release|Any CPU.Build.0 = Release|Any CPU
		{D37FD7C7-91FC-4AC4-A4A4-BD2E02A2CA31}.Release|x64.ActiveCfg = Release|Any CPU
		{D37FD7C7-91FC-4AC4-A4A4-BD2E02A2CA31}.Release|x64.Build.0 = Release|Any CPU
		{D37FD7C7-91FC-4AC4-A4A4-BD2E02A2CA31}.Release|x86.ActiveCfg = Release|Any CPU
		{D37FD7C7-91FC-4AC4-A4A4-BD2E02A2CA31}.Release|x86.Build.0 = Release|Any CPU
		{03E459E0-984E-441B-87AF-E030B80B781A}.Debug|Any CPU.ActiveCfg = Debug|Any CPU
		{03E459E0-984E-441B-87AF-E030B80B781A}.Debug|Any CPU.Build.0 = Debug|Any CPU
		{03E459E0-984E-441B-87AF-E030B80B781A}.Debug|x64.ActiveCfg = Debug|Any CPU
		{03E459E0-984E-441B-87AF-E030B80B781A}.Debug|x64.Build.0 = Debug|Any CPU
		{03E459E0-984E-441B-87AF-E030B80B781A}.Debug|x86.ActiveCfg = Debug|Any CPU
		{03E459E0-984E-441B-87AF-E030B80B781A}.Debug|x86.Build.0 = Debug|Any CPU
		{03E459E0-984E-441B-87AF-E030B80B781A}.Release|Any CPU.ActiveCfg = Release|Any CPU
		{03E459E0-984E-441B-87AF-E030B80B781A}.Release|Any CPU.Build.0 = Release|Any CPU
		{03E459E0-984E-441B-87AF-E030B80B781A}.Release|x64.ActiveCfg = Release|Any CPU
		{03E459E0-984E-441B-87AF-E030B80B781A}.Release|x64.Build.0 = Release|Any CPU
		{03E459E0-984E-441B-87AF-E030B80B781A}.Release|x86.ActiveCfg = Release|Any CPU
		{03E459E0-984E-441B-87AF-E030B80B781A}.Release|x86.Build.0 = Release|Any CPU
		{B7A3D285-4122-4C69-A849-2874B7337320}.Debug|Any CPU.ActiveCfg = Debug|Any CPU
		{B7A3D285-4122-4C69-A849-2874B7337320}.Debug|Any CPU.Build.0 = Debug|Any CPU
		{B7A3D285-4122-4C69-A849-2874B7337320}.Debug|x64.ActiveCfg = Debug|Any CPU
		{B7A3D285-4122-4C69-A849-2874B7337320}.Debug|x64.Build.0 = Debug|Any CPU
		{B7A3D285-4122-4C69-A849-2874B7337320}.Debug|x86.ActiveCfg = Debug|Any CPU
		{B7A3D285-4122-4C69-A849-2874B7337320}.Debug|x86.Build.0 = Debug|Any CPU
		{B7A3D285-4122-4C69-A849-2874B7337320}.Release|Any CPU.ActiveCfg = Release|Any CPU
		{B7A3D285-4122-4C69-A849-2874B7337320}.Release|Any CPU.Build.0 = Release|Any CPU
		{B7A3D285-4122-4C69-A849-2874B7337320}.Release|x64.ActiveCfg = Release|Any CPU
		{B7A3D285-4122-4C69-A849-2874B7337320}.Release|x64.Build.0 = Release|Any CPU
		{B7A3D285-4122-4C69-A849-2874B7337320}.Release|x86.ActiveCfg = Release|Any CPU
		{B7A3D285-4122-4C69-A849-2874B7337320}.Release|x86.Build.0 = Release|Any CPU
		{7A0D2D0B-70F6-4693-9270-39B60E7C38F2}.Debug|Any CPU.ActiveCfg = Debug|Any CPU
		{7A0D2D0B-70F6-4693-9270-39B60E7C38F2}.Debug|Any CPU.Build.0 = Debug|Any CPU
		{7A0D2D0B-70F6-4693-9270-39B60E7C38F2}.Debug|x64.ActiveCfg = Debug|Any CPU
		{7A0D2D0B-70F6-4693-9270-39B60E7C38F2}.Debug|x64.Build.0 = Debug|Any CPU
		{7A0D2D0B-70F6-4693-9270-39B60E7C38F2}.Debug|x86.ActiveCfg = Debug|Any CPU
		{7A0D2D0B-70F6-4693-9270-39B60E7C38F2}.Debug|x86.Build.0 = Debug|Any CPU
		{7A0D2D0B-70F6-4693-9270-39B60E7C38F2}.Release|Any CPU.ActiveCfg = Release|Any CPU
		{7A0D2D0B-70F6-4693-9270-39B60E7C38F2}.Release|Any CPU.Build.0 = Release|Any CPU
		{7A0D2D0B-70F6-4693-9270-39B60E7C38F2}.Release|x64.ActiveCfg = Release|Any CPU
		{7A0D2D0B-70F6-4693-9270-39B60E7C38F2}.Release|x64.Build.0 = Release|Any CPU
		{7A0D2D0B-70F6-4693-9270-39B60E7C38F2}.Release|x86.ActiveCfg = Release|Any CPU
		{7A0D2D0B-70F6-4693-9270-39B60E7C38F2}.Release|x86.Build.0 = Release|Any CPU
		{E3900933-BC6A-40D0-8E54-8BD7C77992E2}.Debug|Any CPU.ActiveCfg = Debug|Any CPU
		{E3900933-BC6A-40D0-8E54-8BD7C77992E2}.Debug|Any CPU.Build.0 = Debug|Any CPU
		{E3900933-BC6A-40D0-8E54-8BD7C77992E2}.Debug|x64.ActiveCfg = Debug|Any CPU
		{E3900933-BC6A-40D0-8E54-8BD7C77992E2}.Debug|x64.Build.0 = Debug|Any CPU
		{E3900933-BC6A-40D0-8E54-8BD7C77992E2}.Debug|x86.ActiveCfg = Debug|Any CPU
		{E3900933-BC6A-40D0-8E54-8BD7C77992E2}.Debug|x86.Build.0 = Debug|Any CPU
		{E3900933-BC6A-40D0-8E54-8BD7C77992E2}.Release|Any CPU.ActiveCfg = Release|Any CPU
		{E3900933-BC6A-40D0-8E54-8BD7C77992E2}.Release|Any CPU.Build.0 = Release|Any CPU
		{E3900933-BC6A-40D0-8E54-8BD7C77992E2}.Release|x64.ActiveCfg = Release|Any CPU
		{E3900933-BC6A-40D0-8E54-8BD7C77992E2}.Release|x64.Build.0 = Release|Any CPU
		{E3900933-BC6A-40D0-8E54-8BD7C77992E2}.Release|x86.ActiveCfg = Release|Any CPU
		{E3900933-BC6A-40D0-8E54-8BD7C77992E2}.Release|x86.Build.0 = Release|Any CPU
		{CD5B0787-44DE-48DB-94E1-735E2D38A9C3}.Debug|Any CPU.ActiveCfg = Debug|Any CPU
		{CD5B0787-44DE-48DB-94E1-735E2D38A9C3}.Debug|Any CPU.Build.0 = Debug|Any CPU
		{CD5B0787-44DE-48DB-94E1-735E2D38A9C3}.Debug|x64.ActiveCfg = Debug|Any CPU
		{CD5B0787-44DE-48DB-94E1-735E2D38A9C3}.Debug|x64.Build.0 = Debug|Any CPU
		{CD5B0787-44DE-48DB-94E1-735E2D38A9C3}.Debug|x86.ActiveCfg = Debug|Any CPU
		{CD5B0787-44DE-48DB-94E1-735E2D38A9C3}.Debug|x86.Build.0 = Debug|Any CPU
		{CD5B0787-44DE-48DB-94E1-735E2D38A9C3}.Release|Any CPU.ActiveCfg = Release|Any CPU
		{CD5B0787-44DE-48DB-94E1-735E2D38A9C3}.Release|Any CPU.Build.0 = Release|Any CPU
		{CD5B0787-44DE-48DB-94E1-735E2D38A9C3}.Release|x64.ActiveCfg = Release|Any CPU
		{CD5B0787-44DE-48DB-94E1-735E2D38A9C3}.Release|x64.Build.0 = Release|Any CPU
		{CD5B0787-44DE-48DB-94E1-735E2D38A9C3}.Release|x86.ActiveCfg = Release|Any CPU
		{CD5B0787-44DE-48DB-94E1-735E2D38A9C3}.Release|x86.Build.0 = Release|Any CPU
		{4C2C9280-E8F6-4A4C-B194-C41BF1641089}.Debug|Any CPU.ActiveCfg = Debug|Any CPU
		{4C2C9280-E8F6-4A4C-B194-C41BF1641089}.Debug|Any CPU.Build.0 = Debug|Any CPU
		{4C2C9280-E8F6-4A4C-B194-C41BF1641089}.Debug|x64.ActiveCfg = Debug|Any CPU
		{4C2C9280-E8F6-4A4C-B194-C41BF1641089}.Debug|x64.Build.0 = Debug|Any CPU
		{4C2C9280-E8F6-4A4C-B194-C41BF1641089}.Debug|x86.ActiveCfg = Debug|Any CPU
		{4C2C9280-E8F6-4A4C-B194-C41BF1641089}.Debug|x86.Build.0 = Debug|Any CPU
		{4C2C9280-E8F6-4A4C-B194-C41BF1641089}.Release|Any CPU.ActiveCfg = Release|Any CPU
		{4C2C9280-E8F6-4A4C-B194-C41BF1641089}.Release|Any CPU.Build.0 = Release|Any CPU
		{4C2C9280-E8F6-4A4C-B194-C41BF1641089}.Release|x64.ActiveCfg = Release|Any CPU
		{4C2C9280-E8F6-4A4C-B194-C41BF1641089}.Release|x64.Build.0 = Release|Any CPU
		{4C2C9280-E8F6-4A4C-B194-C41BF1641089}.Release|x86.ActiveCfg = Release|Any CPU
		{4C2C9280-E8F6-4A4C-B194-C41BF1641089}.Release|x86.Build.0 = Release|Any CPU
		{A038B29B-1571-47DE-824B-D2FA6ECF162B}.Debug|Any CPU.ActiveCfg = Debug|Any CPU
		{A038B29B-1571-47DE-824B-D2FA6ECF162B}.Debug|Any CPU.Build.0 = Debug|Any CPU
		{A038B29B-1571-47DE-824B-D2FA6ECF162B}.Debug|x64.ActiveCfg = Debug|Any CPU
		{A038B29B-1571-47DE-824B-D2FA6ECF162B}.Debug|x64.Build.0 = Debug|Any CPU
		{A038B29B-1571-47DE-824B-D2FA6ECF162B}.Debug|x86.ActiveCfg = Debug|Any CPU
		{A038B29B-1571-47DE-824B-D2FA6ECF162B}.Debug|x86.Build.0 = Debug|Any CPU
		{A038B29B-1571-47DE-824B-D2FA6ECF162B}.Release|Any CPU.ActiveCfg = Release|Any CPU
		{A038B29B-1571-47DE-824B-D2FA6ECF162B}.Release|Any CPU.Build.0 = Release|Any CPU
		{A038B29B-1571-47DE-824B-D2FA6ECF162B}.Release|x64.ActiveCfg = Release|Any CPU
		{A038B29B-1571-47DE-824B-D2FA6ECF162B}.Release|x64.Build.0 = Release|Any CPU
		{A038B29B-1571-47DE-824B-D2FA6ECF162B}.Release|x86.ActiveCfg = Release|Any CPU
		{A038B29B-1571-47DE-824B-D2FA6ECF162B}.Release|x86.Build.0 = Release|Any CPU
		{7EF98731-1A1F-42C0-8FD2-44CC670246FB}.Debug|Any CPU.ActiveCfg = Debug|Any CPU
		{7EF98731-1A1F-42C0-8FD2-44CC670246FB}.Debug|Any CPU.Build.0 = Debug|Any CPU
		{7EF98731-1A1F-42C0-8FD2-44CC670246FB}.Debug|x64.ActiveCfg = Debug|Any CPU
		{7EF98731-1A1F-42C0-8FD2-44CC670246FB}.Debug|x64.Build.0 = Debug|Any CPU
		{7EF98731-1A1F-42C0-8FD2-44CC670246FB}.Debug|x86.ActiveCfg = Debug|Any CPU
		{7EF98731-1A1F-42C0-8FD2-44CC670246FB}.Debug|x86.Build.0 = Debug|Any CPU
		{7EF98731-1A1F-42C0-8FD2-44CC670246FB}.Release|Any CPU.ActiveCfg = Release|Any CPU
		{7EF98731-1A1F-42C0-8FD2-44CC670246FB}.Release|Any CPU.Build.0 = Release|Any CPU
		{7EF98731-1A1F-42C0-8FD2-44CC670246FB}.Release|x64.ActiveCfg = Release|Any CPU
		{7EF98731-1A1F-42C0-8FD2-44CC670246FB}.Release|x64.Build.0 = Release|Any CPU
		{7EF98731-1A1F-42C0-8FD2-44CC670246FB}.Release|x86.ActiveCfg = Release|Any CPU
		{7EF98731-1A1F-42C0-8FD2-44CC670246FB}.Release|x86.Build.0 = Release|Any CPU
		{5E9463A9-D5C4-49DC-A0D8-E0434835C6AB}.Debug|Any CPU.ActiveCfg = Debug|Any CPU
		{5E9463A9-D5C4-49DC-A0D8-E0434835C6AB}.Debug|Any CPU.Build.0 = Debug|Any CPU
		{5E9463A9-D5C4-49DC-A0D8-E0434835C6AB}.Debug|x64.ActiveCfg = Debug|Any CPU
		{5E9463A9-D5C4-49DC-A0D8-E0434835C6AB}.Debug|x64.Build.0 = Debug|Any CPU
		{5E9463A9-D5C4-49DC-A0D8-E0434835C6AB}.Debug|x86.ActiveCfg = Debug|Any CPU
		{5E9463A9-D5C4-49DC-A0D8-E0434835C6AB}.Debug|x86.Build.0 = Debug|Any CPU
		{5E9463A9-D5C4-49DC-A0D8-E0434835C6AB}.Release|Any CPU.ActiveCfg = Release|Any CPU
		{5E9463A9-D5C4-49DC-A0D8-E0434835C6AB}.Release|Any CPU.Build.0 = Release|Any CPU
		{5E9463A9-D5C4-49DC-A0D8-E0434835C6AB}.Release|x64.ActiveCfg = Release|Any CPU
		{5E9463A9-D5C4-49DC-A0D8-E0434835C6AB}.Release|x64.Build.0 = Release|Any CPU
		{5E9463A9-D5C4-49DC-A0D8-E0434835C6AB}.Release|x86.ActiveCfg = Release|Any CPU
		{5E9463A9-D5C4-49DC-A0D8-E0434835C6AB}.Release|x86.Build.0 = Release|Any CPU
		{7121670A-1E0E-4A81-A306-C070C38BC69C}.Debug|Any CPU.ActiveCfg = Debug|Any CPU
		{7121670A-1E0E-4A81-A306-C070C38BC69C}.Debug|Any CPU.Build.0 = Debug|Any CPU
		{7121670A-1E0E-4A81-A306-C070C38BC69C}.Debug|x64.ActiveCfg = Debug|Any CPU
		{7121670A-1E0E-4A81-A306-C070C38BC69C}.Debug|x64.Build.0 = Debug|Any CPU
		{7121670A-1E0E-4A81-A306-C070C38BC69C}.Debug|x86.ActiveCfg = Debug|Any CPU
		{7121670A-1E0E-4A81-A306-C070C38BC69C}.Debug|x86.Build.0 = Debug|Any CPU
		{7121670A-1E0E-4A81-A306-C070C38BC69C}.Release|Any CPU.ActiveCfg = Release|Any CPU
		{7121670A-1E0E-4A81-A306-C070C38BC69C}.Release|Any CPU.Build.0 = Release|Any CPU
		{7121670A-1E0E-4A81-A306-C070C38BC69C}.Release|x64.ActiveCfg = Release|Any CPU
		{7121670A-1E0E-4A81-A306-C070C38BC69C}.Release|x64.Build.0 = Release|Any CPU
		{7121670A-1E0E-4A81-A306-C070C38BC69C}.Release|x86.ActiveCfg = Release|Any CPU
		{7121670A-1E0E-4A81-A306-C070C38BC69C}.Release|x86.Build.0 = Release|Any CPU
		{A3DEF290-D9C5-4B9A-B684-334E0927B7E3}.Debug|Any CPU.ActiveCfg = Debug|Any CPU
		{A3DEF290-D9C5-4B9A-B684-334E0927B7E3}.Debug|Any CPU.Build.0 = Debug|Any CPU
		{A3DEF290-D9C5-4B9A-B684-334E0927B7E3}.Debug|x64.ActiveCfg = Debug|Any CPU
		{A3DEF290-D9C5-4B9A-B684-334E0927B7E3}.Debug|x64.Build.0 = Debug|Any CPU
		{A3DEF290-D9C5-4B9A-B684-334E0927B7E3}.Debug|x86.ActiveCfg = Debug|Any CPU
		{A3DEF290-D9C5-4B9A-B684-334E0927B7E3}.Debug|x86.Build.0 = Debug|Any CPU
		{A3DEF290-D9C5-4B9A-B684-334E0927B7E3}.Release|Any CPU.ActiveCfg = Release|Any CPU
		{A3DEF290-D9C5-4B9A-B684-334E0927B7E3}.Release|Any CPU.Build.0 = Release|Any CPU
		{A3DEF290-D9C5-4B9A-B684-334E0927B7E3}.Release|x64.ActiveCfg = Release|Any CPU
		{A3DEF290-D9C5-4B9A-B684-334E0927B7E3}.Release|x64.Build.0 = Release|Any CPU
		{A3DEF290-D9C5-4B9A-B684-334E0927B7E3}.Release|x86.ActiveCfg = Release|Any CPU
		{A3DEF290-D9C5-4B9A-B684-334E0927B7E3}.Release|x86.Build.0 = Release|Any CPU
		{87D1F2D5-1D4C-4160-931D-F561B59A5126}.Debug|Any CPU.ActiveCfg = Debug|Any CPU
		{87D1F2D5-1D4C-4160-931D-F561B59A5126}.Debug|Any CPU.Build.0 = Debug|Any CPU
		{87D1F2D5-1D4C-4160-931D-F561B59A5126}.Debug|x64.ActiveCfg = Debug|Any CPU
		{87D1F2D5-1D4C-4160-931D-F561B59A5126}.Debug|x64.Build.0 = Debug|Any CPU
		{87D1F2D5-1D4C-4160-931D-F561B59A5126}.Debug|x86.ActiveCfg = Debug|Any CPU
		{87D1F2D5-1D4C-4160-931D-F561B59A5126}.Debug|x86.Build.0 = Debug|Any CPU
		{87D1F2D5-1D4C-4160-931D-F561B59A5126}.Release|Any CPU.ActiveCfg = Release|Any CPU
		{87D1F2D5-1D4C-4160-931D-F561B59A5126}.Release|Any CPU.Build.0 = Release|Any CPU
		{87D1F2D5-1D4C-4160-931D-F561B59A5126}.Release|x64.ActiveCfg = Release|Any CPU
		{87D1F2D5-1D4C-4160-931D-F561B59A5126}.Release|x64.Build.0 = Release|Any CPU
		{87D1F2D5-1D4C-4160-931D-F561B59A5126}.Release|x86.ActiveCfg = Release|Any CPU
		{87D1F2D5-1D4C-4160-931D-F561B59A5126}.Release|x86.Build.0 = Release|Any CPU
		{790A6142-8B06-4D42-95E1-EC0122FCF6F7}.Debug|Any CPU.ActiveCfg = Debug|Any CPU
		{790A6142-8B06-4D42-95E1-EC0122FCF6F7}.Debug|Any CPU.Build.0 = Debug|Any CPU
		{790A6142-8B06-4D42-95E1-EC0122FCF6F7}.Debug|x64.ActiveCfg = Debug|Any CPU
		{790A6142-8B06-4D42-95E1-EC0122FCF6F7}.Debug|x64.Build.0 = Debug|Any CPU
		{790A6142-8B06-4D42-95E1-EC0122FCF6F7}.Debug|x86.ActiveCfg = Debug|Any CPU
		{790A6142-8B06-4D42-95E1-EC0122FCF6F7}.Debug|x86.Build.0 = Debug|Any CPU
		{790A6142-8B06-4D42-95E1-EC0122FCF6F7}.Release|Any CPU.ActiveCfg = Release|Any CPU
		{790A6142-8B06-4D42-95E1-EC0122FCF6F7}.Release|Any CPU.Build.0 = Release|Any CPU
		{790A6142-8B06-4D42-95E1-EC0122FCF6F7}.Release|x64.ActiveCfg = Release|Any CPU
		{790A6142-8B06-4D42-95E1-EC0122FCF6F7}.Release|x64.Build.0 = Release|Any CPU
		{790A6142-8B06-4D42-95E1-EC0122FCF6F7}.Release|x86.ActiveCfg = Release|Any CPU
		{790A6142-8B06-4D42-95E1-EC0122FCF6F7}.Release|x86.Build.0 = Release|Any CPU
		{5A46E9DD-D5A6-4C40-9097-158D26EFB10C}.Debug|Any CPU.ActiveCfg = Debug|Any CPU
		{5A46E9DD-D5A6-4C40-9097-158D26EFB10C}.Debug|Any CPU.Build.0 = Debug|Any CPU
		{5A46E9DD-D5A6-4C40-9097-158D26EFB10C}.Debug|x64.ActiveCfg = Debug|Any CPU
		{5A46E9DD-D5A6-4C40-9097-158D26EFB10C}.Debug|x64.Build.0 = Debug|Any CPU
		{5A46E9DD-D5A6-4C40-9097-158D26EFB10C}.Debug|x86.ActiveCfg = Debug|Any CPU
		{5A46E9DD-D5A6-4C40-9097-158D26EFB10C}.Debug|x86.Build.0 = Debug|Any CPU
		{5A46E9DD-D5A6-4C40-9097-158D26EFB10C}.Release|Any CPU.ActiveCfg = Release|Any CPU
		{5A46E9DD-D5A6-4C40-9097-158D26EFB10C}.Release|Any CPU.Build.0 = Release|Any CPU
		{5A46E9DD-D5A6-4C40-9097-158D26EFB10C}.Release|x64.ActiveCfg = Release|Any CPU
		{5A46E9DD-D5A6-4C40-9097-158D26EFB10C}.Release|x64.Build.0 = Release|Any CPU
		{5A46E9DD-D5A6-4C40-9097-158D26EFB10C}.Release|x86.ActiveCfg = Release|Any CPU
		{5A46E9DD-D5A6-4C40-9097-158D26EFB10C}.Release|x86.Build.0 = Release|Any CPU
		{C79A4802-D0D8-407D-A3D7-29D7C261C86C}.Debug|Any CPU.ActiveCfg = Debug|Any CPU
		{C79A4802-D0D8-407D-A3D7-29D7C261C86C}.Debug|Any CPU.Build.0 = Debug|Any CPU
		{C79A4802-D0D8-407D-A3D7-29D7C261C86C}.Debug|x64.ActiveCfg = Debug|Any CPU
		{C79A4802-D0D8-407D-A3D7-29D7C261C86C}.Debug|x64.Build.0 = Debug|Any CPU
		{C79A4802-D0D8-407D-A3D7-29D7C261C86C}.Debug|x86.ActiveCfg = Debug|Any CPU
		{C79A4802-D0D8-407D-A3D7-29D7C261C86C}.Debug|x86.Build.0 = Debug|Any CPU
		{C79A4802-D0D8-407D-A3D7-29D7C261C86C}.Release|Any CPU.ActiveCfg = Release|Any CPU
		{C79A4802-D0D8-407D-A3D7-29D7C261C86C}.Release|Any CPU.Build.0 = Release|Any CPU
		{C79A4802-D0D8-407D-A3D7-29D7C261C86C}.Release|x64.ActiveCfg = Release|Any CPU
		{C79A4802-D0D8-407D-A3D7-29D7C261C86C}.Release|x64.Build.0 = Release|Any CPU
		{C79A4802-D0D8-407D-A3D7-29D7C261C86C}.Release|x86.ActiveCfg = Release|Any CPU
		{C79A4802-D0D8-407D-A3D7-29D7C261C86C}.Release|x86.Build.0 = Release|Any CPU
		{D06A0161-E8A6-4CCE-A52D-037A96A87877}.Debug|Any CPU.ActiveCfg = Debug|Any CPU
		{D06A0161-E8A6-4CCE-A52D-037A96A87877}.Debug|Any CPU.Build.0 = Debug|Any CPU
		{D06A0161-E8A6-4CCE-A52D-037A96A87877}.Debug|x64.ActiveCfg = Debug|Any CPU
		{D06A0161-E8A6-4CCE-A52D-037A96A87877}.Debug|x64.Build.0 = Debug|Any CPU
		{D06A0161-E8A6-4CCE-A52D-037A96A87877}.Debug|x86.ActiveCfg = Debug|Any CPU
		{D06A0161-E8A6-4CCE-A52D-037A96A87877}.Debug|x86.Build.0 = Debug|Any CPU
		{D06A0161-E8A6-4CCE-A52D-037A96A87877}.Release|Any CPU.ActiveCfg = Release|Any CPU
		{D06A0161-E8A6-4CCE-A52D-037A96A87877}.Release|Any CPU.Build.0 = Release|Any CPU
		{D06A0161-E8A6-4CCE-A52D-037A96A87877}.Release|x64.ActiveCfg = Release|Any CPU
		{D06A0161-E8A6-4CCE-A52D-037A96A87877}.Release|x64.Build.0 = Release|Any CPU
		{D06A0161-E8A6-4CCE-A52D-037A96A87877}.Release|x86.ActiveCfg = Release|Any CPU
		{D06A0161-E8A6-4CCE-A52D-037A96A87877}.Release|x86.Build.0 = Release|Any CPU
		{9DED9584-BF49-4F48-9D05-615634F2A811}.Debug|Any CPU.ActiveCfg = Debug|Any CPU
		{9DED9584-BF49-4F48-9D05-615634F2A811}.Debug|Any CPU.Build.0 = Debug|Any CPU
		{9DED9584-BF49-4F48-9D05-615634F2A811}.Debug|x64.ActiveCfg = Debug|Any CPU
		{9DED9584-BF49-4F48-9D05-615634F2A811}.Debug|x64.Build.0 = Debug|Any CPU
		{9DED9584-BF49-4F48-9D05-615634F2A811}.Debug|x86.ActiveCfg = Debug|Any CPU
		{9DED9584-BF49-4F48-9D05-615634F2A811}.Debug|x86.Build.0 = Debug|Any CPU
		{9DED9584-BF49-4F48-9D05-615634F2A811}.Release|Any CPU.ActiveCfg = Release|Any CPU
		{9DED9584-BF49-4F48-9D05-615634F2A811}.Release|Any CPU.Build.0 = Release|Any CPU
		{9DED9584-BF49-4F48-9D05-615634F2A811}.Release|x64.ActiveCfg = Release|Any CPU
		{9DED9584-BF49-4F48-9D05-615634F2A811}.Release|x64.Build.0 = Release|Any CPU
		{9DED9584-BF49-4F48-9D05-615634F2A811}.Release|x86.ActiveCfg = Release|Any CPU
		{9DED9584-BF49-4F48-9D05-615634F2A811}.Release|x86.Build.0 = Release|Any CPU
		{CC2DC53D-9F14-407E-9FDE-8D7B0A680F68}.Debug|Any CPU.ActiveCfg = Debug|Any CPU
		{CC2DC53D-9F14-407E-9FDE-8D7B0A680F68}.Debug|Any CPU.Build.0 = Debug|Any CPU
		{CC2DC53D-9F14-407E-9FDE-8D7B0A680F68}.Debug|x64.ActiveCfg = Debug|Any CPU
		{CC2DC53D-9F14-407E-9FDE-8D7B0A680F68}.Debug|x64.Build.0 = Debug|Any CPU
		{CC2DC53D-9F14-407E-9FDE-8D7B0A680F68}.Debug|x86.ActiveCfg = Debug|Any CPU
		{CC2DC53D-9F14-407E-9FDE-8D7B0A680F68}.Debug|x86.Build.0 = Debug|Any CPU
		{CC2DC53D-9F14-407E-9FDE-8D7B0A680F68}.Release|Any CPU.ActiveCfg = Release|Any CPU
		{CC2DC53D-9F14-407E-9FDE-8D7B0A680F68}.Release|Any CPU.Build.0 = Release|Any CPU
		{CC2DC53D-9F14-407E-9FDE-8D7B0A680F68}.Release|x64.ActiveCfg = Release|Any CPU
		{CC2DC53D-9F14-407E-9FDE-8D7B0A680F68}.Release|x64.Build.0 = Release|Any CPU
		{CC2DC53D-9F14-407E-9FDE-8D7B0A680F68}.Release|x86.ActiveCfg = Release|Any CPU
		{CC2DC53D-9F14-407E-9FDE-8D7B0A680F68}.Release|x86.Build.0 = Release|Any CPU
		{A80862D6-0064-4269-A628-04B772822B33}.Debug|Any CPU.ActiveCfg = Debug|Any CPU
		{A80862D6-0064-4269-A628-04B772822B33}.Debug|Any CPU.Build.0 = Debug|Any CPU
		{A80862D6-0064-4269-A628-04B772822B33}.Debug|x64.ActiveCfg = Debug|Any CPU
		{A80862D6-0064-4269-A628-04B772822B33}.Debug|x64.Build.0 = Debug|Any CPU
		{A80862D6-0064-4269-A628-04B772822B33}.Debug|x86.ActiveCfg = Debug|Any CPU
		{A80862D6-0064-4269-A628-04B772822B33}.Debug|x86.Build.0 = Debug|Any CPU
		{A80862D6-0064-4269-A628-04B772822B33}.Release|Any CPU.ActiveCfg = Release|Any CPU
		{A80862D6-0064-4269-A628-04B772822B33}.Release|Any CPU.Build.0 = Release|Any CPU
		{A80862D6-0064-4269-A628-04B772822B33}.Release|x64.ActiveCfg = Release|Any CPU
		{A80862D6-0064-4269-A628-04B772822B33}.Release|x64.Build.0 = Release|Any CPU
		{A80862D6-0064-4269-A628-04B772822B33}.Release|x86.ActiveCfg = Release|Any CPU
		{A80862D6-0064-4269-A628-04B772822B33}.Release|x86.Build.0 = Release|Any CPU
		{F469682E-569A-4B3D-9140-8FBCE5E820A0}.Debug|Any CPU.ActiveCfg = Debug|Any CPU
		{F469682E-569A-4B3D-9140-8FBCE5E820A0}.Debug|Any CPU.Build.0 = Debug|Any CPU
		{F469682E-569A-4B3D-9140-8FBCE5E820A0}.Debug|x64.ActiveCfg = Debug|Any CPU
		{F469682E-569A-4B3D-9140-8FBCE5E820A0}.Debug|x64.Build.0 = Debug|Any CPU
		{F469682E-569A-4B3D-9140-8FBCE5E820A0}.Debug|x86.ActiveCfg = Debug|Any CPU
		{F469682E-569A-4B3D-9140-8FBCE5E820A0}.Debug|x86.Build.0 = Debug|Any CPU
		{F469682E-569A-4B3D-9140-8FBCE5E820A0}.Release|Any CPU.ActiveCfg = Release|Any CPU
		{F469682E-569A-4B3D-9140-8FBCE5E820A0}.Release|Any CPU.Build.0 = Release|Any CPU
		{F469682E-569A-4B3D-9140-8FBCE5E820A0}.Release|x64.ActiveCfg = Release|Any CPU
		{F469682E-569A-4B3D-9140-8FBCE5E820A0}.Release|x64.Build.0 = Release|Any CPU
		{F469682E-569A-4B3D-9140-8FBCE5E820A0}.Release|x86.ActiveCfg = Release|Any CPU
		{F469682E-569A-4B3D-9140-8FBCE5E820A0}.Release|x86.Build.0 = Release|Any CPU
		{4736F500-0A3F-49BE-9566-C36FB4DD5B42}.Debug|Any CPU.ActiveCfg = Debug|Any CPU
		{4736F500-0A3F-49BE-9566-C36FB4DD5B42}.Debug|Any CPU.Build.0 = Debug|Any CPU
		{4736F500-0A3F-49BE-9566-C36FB4DD5B42}.Debug|x64.ActiveCfg = Debug|Any CPU
		{4736F500-0A3F-49BE-9566-C36FB4DD5B42}.Debug|x64.Build.0 = Debug|Any CPU
		{4736F500-0A3F-49BE-9566-C36FB4DD5B42}.Debug|x86.ActiveCfg = Debug|Any CPU
		{4736F500-0A3F-49BE-9566-C36FB4DD5B42}.Debug|x86.Build.0 = Debug|Any CPU
		{4736F500-0A3F-49BE-9566-C36FB4DD5B42}.Release|Any CPU.ActiveCfg = Release|Any CPU
		{4736F500-0A3F-49BE-9566-C36FB4DD5B42}.Release|Any CPU.Build.0 = Release|Any CPU
		{4736F500-0A3F-49BE-9566-C36FB4DD5B42}.Release|x64.ActiveCfg = Release|Any CPU
		{4736F500-0A3F-49BE-9566-C36FB4DD5B42}.Release|x64.Build.0 = Release|Any CPU
		{4736F500-0A3F-49BE-9566-C36FB4DD5B42}.Release|x86.ActiveCfg = Release|Any CPU
		{4736F500-0A3F-49BE-9566-C36FB4DD5B42}.Release|x86.Build.0 = Release|Any CPU
		{1B362CC9-369E-4DE4-8EF0-614383C27BEB}.Debug|Any CPU.ActiveCfg = Debug|Any CPU
		{1B362CC9-369E-4DE4-8EF0-614383C27BEB}.Debug|Any CPU.Build.0 = Debug|Any CPU
		{1B362CC9-369E-4DE4-8EF0-614383C27BEB}.Debug|x64.ActiveCfg = Debug|Any CPU
		{1B362CC9-369E-4DE4-8EF0-614383C27BEB}.Debug|x64.Build.0 = Debug|Any CPU
		{1B362CC9-369E-4DE4-8EF0-614383C27BEB}.Debug|x86.ActiveCfg = Debug|Any CPU
		{1B362CC9-369E-4DE4-8EF0-614383C27BEB}.Debug|x86.Build.0 = Debug|Any CPU
		{1B362CC9-369E-4DE4-8EF0-614383C27BEB}.Release|Any CPU.ActiveCfg = Release|Any CPU
		{1B362CC9-369E-4DE4-8EF0-614383C27BEB}.Release|Any CPU.Build.0 = Release|Any CPU
		{1B362CC9-369E-4DE4-8EF0-614383C27BEB}.Release|x64.ActiveCfg = Release|Any CPU
		{1B362CC9-369E-4DE4-8EF0-614383C27BEB}.Release|x64.Build.0 = Release|Any CPU
		{1B362CC9-369E-4DE4-8EF0-614383C27BEB}.Release|x86.ActiveCfg = Release|Any CPU
		{1B362CC9-369E-4DE4-8EF0-614383C27BEB}.Release|x86.Build.0 = Release|Any CPU
		{15D8D211-5901-44D5-BC33-6BB97F1B1898}.Debug|Any CPU.ActiveCfg = Debug|Any CPU
		{15D8D211-5901-44D5-BC33-6BB97F1B1898}.Debug|Any CPU.Build.0 = Debug|Any CPU
		{15D8D211-5901-44D5-BC33-6BB97F1B1898}.Debug|x64.ActiveCfg = Debug|Any CPU
		{15D8D211-5901-44D5-BC33-6BB97F1B1898}.Debug|x64.Build.0 = Debug|Any CPU
		{15D8D211-5901-44D5-BC33-6BB97F1B1898}.Debug|x86.ActiveCfg = Debug|Any CPU
		{15D8D211-5901-44D5-BC33-6BB97F1B1898}.Debug|x86.Build.0 = Debug|Any CPU
		{15D8D211-5901-44D5-BC33-6BB97F1B1898}.Release|Any CPU.ActiveCfg = Release|Any CPU
		{15D8D211-5901-44D5-BC33-6BB97F1B1898}.Release|Any CPU.Build.0 = Release|Any CPU
		{15D8D211-5901-44D5-BC33-6BB97F1B1898}.Release|x64.ActiveCfg = Release|Any CPU
		{15D8D211-5901-44D5-BC33-6BB97F1B1898}.Release|x64.Build.0 = Release|Any CPU
		{15D8D211-5901-44D5-BC33-6BB97F1B1898}.Release|x86.ActiveCfg = Release|Any CPU
		{15D8D211-5901-44D5-BC33-6BB97F1B1898}.Release|x86.Build.0 = Release|Any CPU
		{62F32CC6-80CE-4C24-B5E2-953B9C2C9369}.Debug|Any CPU.ActiveCfg = Debug|Any CPU
		{62F32CC6-80CE-4C24-B5E2-953B9C2C9369}.Debug|Any CPU.Build.0 = Debug|Any CPU
		{62F32CC6-80CE-4C24-B5E2-953B9C2C9369}.Debug|x64.ActiveCfg = Debug|Any CPU
		{62F32CC6-80CE-4C24-B5E2-953B9C2C9369}.Debug|x64.Build.0 = Debug|Any CPU
		{62F32CC6-80CE-4C24-B5E2-953B9C2C9369}.Debug|x86.ActiveCfg = Debug|Any CPU
		{62F32CC6-80CE-4C24-B5E2-953B9C2C9369}.Debug|x86.Build.0 = Debug|Any CPU
		{62F32CC6-80CE-4C24-B5E2-953B9C2C9369}.Release|Any CPU.ActiveCfg = Release|Any CPU
		{62F32CC6-80CE-4C24-B5E2-953B9C2C9369}.Release|Any CPU.Build.0 = Release|Any CPU
		{62F32CC6-80CE-4C24-B5E2-953B9C2C9369}.Release|x64.ActiveCfg = Release|Any CPU
		{62F32CC6-80CE-4C24-B5E2-953B9C2C9369}.Release|x64.Build.0 = Release|Any CPU
		{62F32CC6-80CE-4C24-B5E2-953B9C2C9369}.Release|x86.ActiveCfg = Release|Any CPU
		{62F32CC6-80CE-4C24-B5E2-953B9C2C9369}.Release|x86.Build.0 = Release|Any CPU
		{B0749B6F-2DAD-4062-8852-B6058F3BD069}.Debug|Any CPU.ActiveCfg = Debug|Any CPU
		{B0749B6F-2DAD-4062-8852-B6058F3BD069}.Debug|Any CPU.Build.0 = Debug|Any CPU
		{B0749B6F-2DAD-4062-8852-B6058F3BD069}.Debug|x64.ActiveCfg = Debug|Any CPU
		{B0749B6F-2DAD-4062-8852-B6058F3BD069}.Debug|x64.Build.0 = Debug|Any CPU
		{B0749B6F-2DAD-4062-8852-B6058F3BD069}.Debug|x86.ActiveCfg = Debug|Any CPU
		{B0749B6F-2DAD-4062-8852-B6058F3BD069}.Debug|x86.Build.0 = Debug|Any CPU
		{B0749B6F-2DAD-4062-8852-B6058F3BD069}.Release|Any CPU.ActiveCfg = Release|Any CPU
		{B0749B6F-2DAD-4062-8852-B6058F3BD069}.Release|Any CPU.Build.0 = Release|Any CPU
		{B0749B6F-2DAD-4062-8852-B6058F3BD069}.Release|x64.ActiveCfg = Release|Any CPU
		{B0749B6F-2DAD-4062-8852-B6058F3BD069}.Release|x64.Build.0 = Release|Any CPU
		{B0749B6F-2DAD-4062-8852-B6058F3BD069}.Release|x86.ActiveCfg = Release|Any CPU
		{B0749B6F-2DAD-4062-8852-B6058F3BD069}.Release|x86.Build.0 = Release|Any CPU
		{C5AAF190-AD1F-462B-978D-2836BC0261C0}.Debug|Any CPU.ActiveCfg = Debug|Any CPU
		{C5AAF190-AD1F-462B-978D-2836BC0261C0}.Debug|Any CPU.Build.0 = Debug|Any CPU
		{C5AAF190-AD1F-462B-978D-2836BC0261C0}.Debug|x64.ActiveCfg = Debug|Any CPU
		{C5AAF190-AD1F-462B-978D-2836BC0261C0}.Debug|x64.Build.0 = Debug|Any CPU
		{C5AAF190-AD1F-462B-978D-2836BC0261C0}.Debug|x86.ActiveCfg = Debug|Any CPU
		{C5AAF190-AD1F-462B-978D-2836BC0261C0}.Debug|x86.Build.0 = Debug|Any CPU
		{C5AAF190-AD1F-462B-978D-2836BC0261C0}.Release|Any CPU.ActiveCfg = Release|Any CPU
		{C5AAF190-AD1F-462B-978D-2836BC0261C0}.Release|Any CPU.Build.0 = Release|Any CPU
		{C5AAF190-AD1F-462B-978D-2836BC0261C0}.Release|x64.ActiveCfg = Release|Any CPU
		{C5AAF190-AD1F-462B-978D-2836BC0261C0}.Release|x64.Build.0 = Release|Any CPU
		{C5AAF190-AD1F-462B-978D-2836BC0261C0}.Release|x86.ActiveCfg = Release|Any CPU
		{C5AAF190-AD1F-462B-978D-2836BC0261C0}.Release|x86.Build.0 = Release|Any CPU
		{3D2B95FD-91E0-4D37-A79D-B7B9912089D5}.Debug|Any CPU.ActiveCfg = Debug|Any CPU
		{3D2B95FD-91E0-4D37-A79D-B7B9912089D5}.Debug|Any CPU.Build.0 = Debug|Any CPU
		{3D2B95FD-91E0-4D37-A79D-B7B9912089D5}.Debug|x64.ActiveCfg = Debug|Any CPU
		{3D2B95FD-91E0-4D37-A79D-B7B9912089D5}.Debug|x64.Build.0 = Debug|Any CPU
		{3D2B95FD-91E0-4D37-A79D-B7B9912089D5}.Debug|x86.ActiveCfg = Debug|Any CPU
		{3D2B95FD-91E0-4D37-A79D-B7B9912089D5}.Debug|x86.Build.0 = Debug|Any CPU
		{3D2B95FD-91E0-4D37-A79D-B7B9912089D5}.Release|Any CPU.ActiveCfg = Release|Any CPU
		{3D2B95FD-91E0-4D37-A79D-B7B9912089D5}.Release|Any CPU.Build.0 = Release|Any CPU
		{3D2B95FD-91E0-4D37-A79D-B7B9912089D5}.Release|x64.ActiveCfg = Release|Any CPU
		{3D2B95FD-91E0-4D37-A79D-B7B9912089D5}.Release|x64.Build.0 = Release|Any CPU
		{3D2B95FD-91E0-4D37-A79D-B7B9912089D5}.Release|x86.ActiveCfg = Release|Any CPU
		{3D2B95FD-91E0-4D37-A79D-B7B9912089D5}.Release|x86.Build.0 = Release|Any CPU
	EndGlobalSection
	GlobalSection(SolutionProperties) = preSolution
		HideSolutionNode = FALSE
	EndGlobalSection
	GlobalSection(ExtensibilityGlobals) = postSolution
		SolutionGuid = {2D32E052-CB7F-47F2-9C2F-E80E72054A2D}
	EndGlobalSection
	GlobalSection(NestedProjects) = preSolution
		{7A0D2D0B-70F6-4693-9270-39B60E7C38F2} = {6B35EB4A-F473-4F74-9CA1-937E48F494D1}
		{5E9463A9-D5C4-49DC-A0D8-E0434835C6AB} = {6B35EB4A-F473-4F74-9CA1-937E48F494D1}
		{7121670A-1E0E-4A81-A306-C070C38BC69C} = {6B35EB4A-F473-4F74-9CA1-937E48F494D1}
		{B7A3D285-4122-4C69-A849-2874B7337320} = {6B35EB4A-F473-4F74-9CA1-937E48F494D1}
		{7EF98731-1A1F-42C0-8FD2-44CC670246FB} = {6B35EB4A-F473-4F74-9CA1-937E48F494D1}
		{E3900933-BC6A-40D0-8E54-8BD7C77992E2} = {6B35EB4A-F473-4F74-9CA1-937E48F494D1}
		{CD5B0787-44DE-48DB-94E1-735E2D38A9C3} = {6B35EB4A-F473-4F74-9CA1-937E48F494D1}
		{A038B29B-1571-47DE-824B-D2FA6ECF162B} = {6B35EB4A-F473-4F74-9CA1-937E48F494D1}
		{D37FD7C7-91FC-4AC4-A4A4-BD2E02A2CA31} = {6B35EB4A-F473-4F74-9CA1-937E48F494D1}
		{03E459E0-984E-441B-87AF-E030B80B781A} = {6B35EB4A-F473-4F74-9CA1-937E48F494D1}
		{4C2C9280-E8F6-4A4C-B194-C41BF1641089} = {6B35EB4A-F473-4F74-9CA1-937E48F494D1}
		{A3DEF290-D9C5-4B9A-B684-334E0927B7E3} = {6B35EB4A-F473-4F74-9CA1-937E48F494D1}
		{87D1F2D5-1D4C-4160-931D-F561B59A5126} = {6B35EB4A-F473-4F74-9CA1-937E48F494D1}
		{790A6142-8B06-4D42-95E1-EC0122FCF6F7} = {6B35EB4A-F473-4F74-9CA1-937E48F494D1}
		{5A46E9DD-D5A6-4C40-9097-158D26EFB10C} = {6B35EB4A-F473-4F74-9CA1-937E48F494D1}
		{C79A4802-D0D8-407D-A3D7-29D7C261C86C} = {6B35EB4A-F473-4F74-9CA1-937E48F494D1}
		{D06A0161-E8A6-4CCE-A52D-037A96A87877} = {6B35EB4A-F473-4F74-9CA1-937E48F494D1}
		{9DED9584-BF49-4F48-9D05-615634F2A811} = {6B35EB4A-F473-4F74-9CA1-937E48F494D1}
		{6B35EB4A-F473-4F74-9CA1-937E48F494D1} = {48422CB9-B74D-4757-BE7F-C88D1A6F299D}
		{22C1FE9E-D613-477A-9238-61C5BF58705D} = {48422CB9-B74D-4757-BE7F-C88D1A6F299D}
		{DA94FE2E-E594-4673-A854-56FB88A3DEF8} = {48422CB9-B74D-4757-BE7F-C88D1A6F299D}
		{CC2DC53D-9F14-407E-9FDE-8D7B0A680F68} = {6B35EB4A-F473-4F74-9CA1-937E48F494D1}
		{A80862D6-0064-4269-A628-04B772822B33} = {6B35EB4A-F473-4F74-9CA1-937E48F494D1}
		{F469682E-569A-4B3D-9140-8FBCE5E820A0} = {6B35EB4A-F473-4F74-9CA1-937E48F494D1}
		{5D364D75-F151-464D-882B-862A9E59A384} = {48422CB9-B74D-4757-BE7F-C88D1A6F299D}
		{4736F500-0A3F-49BE-9566-C36FB4DD5B42} = {DA94FE2E-E594-4673-A854-56FB88A3DEF8}
		{1B362CC9-369E-4DE4-8EF0-614383C27BEB} = {DA94FE2E-E594-4673-A854-56FB88A3DEF8}
		{4F8DE020-6357-47A3-8F7D-8190899CEEC9} = {48422CB9-B74D-4757-BE7F-C88D1A6F299D}
		{15D8D211-5901-44D5-BC33-6BB97F1B1898} = {DA94FE2E-E594-4673-A854-56FB88A3DEF8}
		{62F32CC6-80CE-4C24-B5E2-953B9C2C9369} = {22C1FE9E-D613-477A-9238-61C5BF58705D}
		{B0749B6F-2DAD-4062-8852-B6058F3BD069} = {22C1FE9E-D613-477A-9238-61C5BF58705D}
		{C5AAF190-AD1F-462B-978D-2836BC0261C0} = {4F8DE020-6357-47A3-8F7D-8190899CEEC9}
		{3D2B95FD-91E0-4D37-A79D-B7B9912089D5} = {DA94FE2E-E594-4673-A854-56FB88A3DEF8}
	EndGlobalSection
EndGlobal
