Microsoft Visual Studio Solution File, Format Version 12.00
# Visual Studio Version 17
VisualStudioVersion = 17.8.34330.188
MinimumVisualStudioVersion = 16.0.0.0
Project("{9A19103F-16F7-4668-BE54-9A1E7A4F7556}") = "BlazorNotesSystem", "BlazorNotesSystem\BlazorNotesSystem.csproj", "{EAC5492C-D003-4E93-8B44-96F412AE9667}"
EndProject
Project("{9A19103F-16F7-4668-BE54-9A1E7A4F7556}") = "BlazorNotesSystem.Client", "BlazorNotesSystem.Client\BlazorNotesSystem.Client.csproj", "{89D85BE2-122E-4F20-A7FF-C431BC1C4A64}"
EndProject
Project("{9A19103F-16F7-4668-BE54-9A1E7A4F7556}") = "SharpRepoServiceProg", "..\03_projects\SharpRepoService\SharpRepoServiceProg\SharpRepoServiceProg.csproj", "{03E459E0-984E-441B-87AF-E030B80B781A}"
EndProject
Project("{9A19103F-16F7-4668-BE54-9A1E7A4F7556}") = "SharpFileServiceProg", "..\03_projects\SharpFileService\SharpFileServiceProg\SharpFileServiceProg.csproj", "{B7A3D285-4122-4C69-A849-2874B7337320}"
EndProject
Project("{9A19103F-16F7-4668-BE54-9A1E7A4F7556}") = "SharpButtonActionsProg", "..\03_projects\SharpButtonActions\SharpButtonActionsProg\SharpButtonActionsProg.csproj", "{7A0D2D0B-70F6-4693-9270-39B60E7C38F2}"
EndProject
Project("{9A19103F-16F7-4668-BE54-9A1E7A4F7556}") = "SharpTextHeaderAnalyzerProg", "..\03_projects\SharpTextHeaderAnalyzer\SharpTextHeaderAnalyzerProg\SharpTextHeaderAnalyzerProg.csproj", "{4C2C9280-E8F6-4A4C-B194-C41BF1641089}"
EndProject
Project("{9A19103F-16F7-4668-BE54-9A1E7A4F7556}") = "SharpPdfServiceProg", "..\03_projects\SharpPdfService\SharpPdfServiceProg\SharpPdfServiceProg.csproj", "{A038B29B-1571-47DE-824B-D2FA6ECF162B}"
EndProject
Project("{9A19103F-16F7-4668-BE54-9A1E7A4F7556}") = "SharpNotesExporterProg", "..\03_projects\SharpNotesExporter\SharpNotesExporterProg\SharpNotesExporterProg.csproj", "{7EF98731-1A1F-42C0-8FD2-44CC670246FB}"
EndProject
Project("{9A19103F-16F7-4668-BE54-9A1E7A4F7556}") = "SharpConfigProg", "..\03_projects\SharpConfig\SharpConfigProg\SharpConfigProg.csproj", "{5E9463A9-D5C4-49DC-A0D8-E0434835C6AB}"
EndProject
Project("{9A19103F-16F7-4668-BE54-9A1E7A4F7556}") = "SharpSetup21ProgPrivate", "..\22_projects\SharpSetup21ProgPrivate\SharpSetup21ProgPrivate.csproj", "{56E372E1-2286-49CD-A75B-1F228FA50417}"
EndProject
Project("{9A19103F-16F7-4668-BE54-9A1E7A4F7556}") = "SharpContainerProg", "..\03_projects\SharpContainer\SharpContainerProg\SharpContainerProg.csproj", "{7121670A-1E0E-4A81-A306-C070C38BC69C}"
EndProject
Project("{9A19103F-16F7-4668-BE54-9A1E7A4F7556}") = "SharpGoogleDocsProg", "..\03_projects\SharpGoogleDocs\SharpGoogleDocsProg\SharpGoogleDocsProg.csproj", "{2AD26002-54E1-465D-9526-D5CEFD4FEF49}"
EndProject
Project("{9A19103F-16F7-4668-BE54-9A1E7A4F7556}") = "SharpTtsServiceProg", "..\03_projects\SharpTtsService\SharpTtsServiceProg\SharpTtsServiceProg.csproj", "{7A2AF9AB-4DEA-4490-AAD0-5DF3B440D9F5}"
EndProject
Project("{FAE04EC0-301F-11D3-BF4B-00C04F79EFBC}") = "SharpRepoBackendProg", "..\03_projects\SharpRepoBackend\SharpRepoBackendProg\SharpRepoBackendProg.csproj", "{397080D0-7BD6-4722-AD80-83C6F5B4D245}"
EndProject
Project("{FAE04EC0-301F-11D3-BF4B-00C04F79EFBC}") = "SharpOperationsProg", "..\03_projects\SharpOperations\SharpOperationsProg\SharpOperationsProg.csproj", "{39682D2B-5898-4C12-9962-EF94EA07172B}"
EndProject
Project("{FAE04EC0-301F-11D3-BF4B-00C04F79EFBC}") = "SharpGoogleDriveProg", "..\03_projects\SharpGoogleDrive\SharpGoogleDriveProg\SharpGoogleDriveProg.csproj", "{FF9FE38C-46C6-4A5D-AB25-E35708B27053}"
EndProject
Project("{FAE04EC0-301F-11D3-BF4B-00C04F79EFBC}") = "SharpArgsManagerProj", "..\24_projects\SharpArgsManager\SharpArgsManagerProj\SharpArgsManagerProj\SharpArgsManagerProj.csproj", "{1E945C6A-2086-4842-A5B1-AE2A14D56A74}"
EndProject
Project("{FAE04EC0-301F-11D3-BF4B-00C04F79EFBC}") = "SharpVideoServiceProg", "..\03_projects\SharpVideoService\SharpVideoServiceProg\SharpVideoServiceProg.csproj", "{84503858-5757-4BA1-B346-06B2CBDA0A09}"
EndProject
Global
	GlobalSection(SolutionConfigurationPlatforms) = preSolution
		Debug|Any CPU = Debug|Any CPU
		Debug|x64 = Debug|x64
		Debug|x86 = Debug|x86
		Release|Any CPU = Release|Any CPU
		Release|x64 = Release|x64
		Release|x86 = Release|x86
	EndGlobalSection
	GlobalSection(ProjectConfigurationPlatforms) = postSolution
		{EAC5492C-D003-4E93-8B44-96F412AE9667}.Debug|Any CPU.ActiveCfg = Debug|Any CPU
		{EAC5492C-D003-4E93-8B44-96F412AE9667}.Debug|Any CPU.Build.0 = Debug|Any CPU
		{EAC5492C-D003-4E93-8B44-96F412AE9667}.Debug|x64.ActiveCfg = Debug|Any CPU
		{EAC5492C-D003-4E93-8B44-96F412AE9667}.Debug|x64.Build.0 = Debug|Any CPU
		{EAC5492C-D003-4E93-8B44-96F412AE9667}.Debug|x86.ActiveCfg = Debug|Any CPU
		{EAC5492C-D003-4E93-8B44-96F412AE9667}.Debug|x86.Build.0 = Debug|Any CPU
		{EAC5492C-D003-4E93-8B44-96F412AE9667}.Release|Any CPU.ActiveCfg = Release|Any CPU
		{EAC5492C-D003-4E93-8B44-96F412AE9667}.Release|Any CPU.Build.0 = Release|Any CPU
		{EAC5492C-D003-4E93-8B44-96F412AE9667}.Release|x64.ActiveCfg = Release|Any CPU
		{EAC5492C-D003-4E93-8B44-96F412AE9667}.Release|x64.Build.0 = Release|Any CPU
		{EAC5492C-D003-4E93-8B44-96F412AE9667}.Release|x86.ActiveCfg = Release|Any CPU
		{EAC5492C-D003-4E93-8B44-96F412AE9667}.Release|x86.Build.0 = Release|Any CPU
		{89D85BE2-122E-4F20-A7FF-C431BC1C4A64}.Debug|Any CPU.ActiveCfg = Debug|Any CPU
		{89D85BE2-122E-4F20-A7FF-C431BC1C4A64}.Debug|Any CPU.Build.0 = Debug|Any CPU
		{89D85BE2-122E-4F20-A7FF-C431BC1C4A64}.Debug|x64.ActiveCfg = Debug|Any CPU
		{89D85BE2-122E-4F20-A7FF-C431BC1C4A64}.Debug|x64.Build.0 = Debug|Any CPU
		{89D85BE2-122E-4F20-A7FF-C431BC1C4A64}.Debug|x86.ActiveCfg = Debug|Any CPU
		{89D85BE2-122E-4F20-A7FF-C431BC1C4A64}.Debug|x86.Build.0 = Debug|Any CPU
		{89D85BE2-122E-4F20-A7FF-C431BC1C4A64}.Release|Any CPU.ActiveCfg = Release|Any CPU
		{89D85BE2-122E-4F20-A7FF-C431BC1C4A64}.Release|Any CPU.Build.0 = Release|Any CPU
		{89D85BE2-122E-4F20-A7FF-C431BC1C4A64}.Release|x64.ActiveCfg = Release|Any CPU
		{89D85BE2-122E-4F20-A7FF-C431BC1C4A64}.Release|x64.Build.0 = Release|Any CPU
		{89D85BE2-122E-4F20-A7FF-C431BC1C4A64}.Release|x86.ActiveCfg = Release|Any CPU
		{89D85BE2-122E-4F20-A7FF-C431BC1C4A64}.Release|x86.Build.0 = Release|Any CPU
		{03E459E0-984E-441B-87AF-E030B80B781A}.Debug|Any CPU.ActiveCfg = Debug|Any CPU
		{03E459E0-984E-441B-87AF-E030B80B781A}.Debug|Any CPU.Build.0 = Debug|Any CPU
		{03E459E0-984E-441B-87AF-E030B80B781A}.Debug|x64.ActiveCfg = Debug|Any CPU
		{03E459E0-984E-441B-87AF-E030B80B781A}.Debug|x64.Build.0 = Debug|Any CPU
		{03E459E0-984E-441B-87AF-E030B80B781A}.Debug|x86.ActiveCfg = Debug|Any CPU
		{03E459E0-984E-441B-87AF-E030B80B781A}.Debug|x86.Build.0 = Debug|Any CPU
		{03E459E0-984E-441B-87AF-E030B80B781A}.Release|Any CPU.ActiveCfg = Release|Any CPU
		{03E459E0-984E-441B-87AF-E030B80B781A}.Release|Any CPU.Build.0 = Release|Any CPU
		{03E459E0-984E-441B-87AF-E030B80B781A}.Release|x64.ActiveCfg = Release|Any CPU
		{03E459E0-984E-441B-87AF-E030B80B781A}.Release|x64.Build.0 = Release|Any CPU
		{03E459E0-984E-441B-87AF-E030B80B781A}.Release|x86.ActiveCfg = Release|Any CPU
		{03E459E0-984E-441B-87AF-E030B80B781A}.Release|x86.Build.0 = Release|Any CPU
		{B7A3D285-4122-4C69-A849-2874B7337320}.Debug|Any CPU.ActiveCfg = Debug|Any CPU
		{B7A3D285-4122-4C69-A849-2874B7337320}.Debug|Any CPU.Build.0 = Debug|Any CPU
		{B7A3D285-4122-4C69-A849-2874B7337320}.Debug|x64.ActiveCfg = Debug|Any CPU
		{B7A3D285-4122-4C69-A849-2874B7337320}.Debug|x64.Build.0 = Debug|Any CPU
		{B7A3D285-4122-4C69-A849-2874B7337320}.Debug|x86.ActiveCfg = Debug|Any CPU
		{B7A3D285-4122-4C69-A849-2874B7337320}.Debug|x86.Build.0 = Debug|Any CPU
		{B7A3D285-4122-4C69-A849-2874B7337320}.Release|Any CPU.ActiveCfg = Release|Any CPU
		{B7A3D285-4122-4C69-A849-2874B7337320}.Release|Any CPU.Build.0 = Release|Any CPU
		{B7A3D285-4122-4C69-A849-2874B7337320}.Release|x64.ActiveCfg = Release|Any CPU
		{B7A3D285-4122-4C69-A849-2874B7337320}.Release|x64.Build.0 = Release|Any CPU
		{B7A3D285-4122-4C69-A849-2874B7337320}.Release|x86.ActiveCfg = Release|Any CPU
		{B7A3D285-4122-4C69-A849-2874B7337320}.Release|x86.Build.0 = Release|Any CPU
		{7A0D2D0B-70F6-4693-9270-39B60E7C38F2}.Debug|Any CPU.ActiveCfg = Debug|Any CPU
		{7A0D2D0B-70F6-4693-9270-39B60E7C38F2}.Debug|Any CPU.Build.0 = Debug|Any CPU
		{7A0D2D0B-70F6-4693-9270-39B60E7C38F2}.Debug|x64.ActiveCfg = Debug|Any CPU
		{7A0D2D0B-70F6-4693-9270-39B60E7C38F2}.Debug|x64.Build.0 = Debug|Any CPU
		{7A0D2D0B-70F6-4693-9270-39B60E7C38F2}.Debug|x86.ActiveCfg = Debug|Any CPU
		{7A0D2D0B-70F6-4693-9270-39B60E7C38F2}.Debug|x86.Build.0 = Debug|Any CPU
		{7A0D2D0B-70F6-4693-9270-39B60E7C38F2}.Release|Any CPU.ActiveCfg = Release|Any CPU
		{7A0D2D0B-70F6-4693-9270-39B60E7C38F2}.Release|Any CPU.Build.0 = Release|Any CPU
		{7A0D2D0B-70F6-4693-9270-39B60E7C38F2}.Release|x64.ActiveCfg = Release|Any CPU
		{7A0D2D0B-70F6-4693-9270-39B60E7C38F2}.Release|x64.Build.0 = Release|Any CPU
		{7A0D2D0B-70F6-4693-9270-39B60E7C38F2}.Release|x86.ActiveCfg = Release|Any CPU
		{7A0D2D0B-70F6-4693-9270-39B60E7C38F2}.Release|x86.Build.0 = Release|Any CPU
		{4C2C9280-E8F6-4A4C-B194-C41BF1641089}.Debug|Any CPU.ActiveCfg = Debug|Any CPU
		{4C2C9280-E8F6-4A4C-B194-C41BF1641089}.Debug|Any CPU.Build.0 = Debug|Any CPU
		{4C2C9280-E8F6-4A4C-B194-C41BF1641089}.Debug|x64.ActiveCfg = Debug|Any CPU
		{4C2C9280-E8F6-4A4C-B194-C41BF1641089}.Debug|x64.Build.0 = Debug|Any CPU
		{4C2C9280-E8F6-4A4C-B194-C41BF1641089}.Debug|x86.ActiveCfg = Debug|Any CPU
		{4C2C9280-E8F6-4A4C-B194-C41BF1641089}.Debug|x86.Build.0 = Debug|Any CPU
		{4C2C9280-E8F6-4A4C-B194-C41BF1641089}.Release|Any CPU.ActiveCfg = Release|Any CPU
		{4C2C9280-E8F6-4A4C-B194-C41BF1641089}.Release|Any CPU.Build.0 = Release|Any CPU
		{4C2C9280-E8F6-4A4C-B194-C41BF1641089}.Release|x64.ActiveCfg = Release|Any CPU
		{4C2C9280-E8F6-4A4C-B194-C41BF1641089}.Release|x64.Build.0 = Release|Any CPU
		{4C2C9280-E8F6-4A4C-B194-C41BF1641089}.Release|x86.ActiveCfg = Release|Any CPU
		{4C2C9280-E8F6-4A4C-B194-C41BF1641089}.Release|x86.Build.0 = Release|Any CPU
		{A038B29B-1571-47DE-824B-D2FA6ECF162B}.Debug|Any CPU.ActiveCfg = Debug|Any CPU
		{A038B29B-1571-47DE-824B-D2FA6ECF162B}.Debug|Any CPU.Build.0 = Debug|Any CPU
		{A038B29B-1571-47DE-824B-D2FA6ECF162B}.Debug|x64.ActiveCfg = Debug|Any CPU
		{A038B29B-1571-47DE-824B-D2FA6ECF162B}.Debug|x64.Build.0 = Debug|Any CPU
		{A038B29B-1571-47DE-824B-D2FA6ECF162B}.Debug|x86.ActiveCfg = Debug|Any CPU
		{A038B29B-1571-47DE-824B-D2FA6ECF162B}.Debug|x86.Build.0 = Debug|Any CPU
		{A038B29B-1571-47DE-824B-D2FA6ECF162B}.Release|Any CPU.ActiveCfg = Release|Any CPU
		{A038B29B-1571-47DE-824B-D2FA6ECF162B}.Release|Any CPU.Build.0 = Release|Any CPU
		{A038B29B-1571-47DE-824B-D2FA6ECF162B}.Release|x64.ActiveCfg = Release|Any CPU
		{A038B29B-1571-47DE-824B-D2FA6ECF162B}.Release|x64.Build.0 = Release|Any CPU
		{A038B29B-1571-47DE-824B-D2FA6ECF162B}.Release|x86.ActiveCfg = Release|Any CPU
		{A038B29B-1571-47DE-824B-D2FA6ECF162B}.Release|x86.Build.0 = Release|Any CPU
		{7EF98731-1A1F-42C0-8FD2-44CC670246FB}.Debug|Any CPU.ActiveCfg = Debug|Any CPU
		{7EF98731-1A1F-42C0-8FD2-44CC670246FB}.Debug|Any CPU.Build.0 = Debug|Any CPU
		{7EF98731-1A1F-42C0-8FD2-44CC670246FB}.Debug|x64.ActiveCfg = Debug|Any CPU
		{7EF98731-1A1F-42C0-8FD2-44CC670246FB}.Debug|x64.Build.0 = Debug|Any CPU
		{7EF98731-1A1F-42C0-8FD2-44CC670246FB}.Debug|x86.ActiveCfg = Debug|Any CPU
		{7EF98731-1A1F-42C0-8FD2-44CC670246FB}.Debug|x86.Build.0 = Debug|Any CPU
		{7EF98731-1A1F-42C0-8FD2-44CC670246FB}.Release|Any CPU.ActiveCfg = Release|Any CPU
		{7EF98731-1A1F-42C0-8FD2-44CC670246FB}.Release|Any CPU.Build.0 = Release|Any CPU
		{7EF98731-1A1F-42C0-8FD2-44CC670246FB}.Release|x64.ActiveCfg = Release|Any CPU
		{7EF98731-1A1F-42C0-8FD2-44CC670246FB}.Release|x64.Build.0 = Release|Any CPU
		{7EF98731-1A1F-42C0-8FD2-44CC670246FB}.Release|x86.ActiveCfg = Release|Any CPU
		{7EF98731-1A1F-42C0-8FD2-44CC670246FB}.Release|x86.Build.0 = Release|Any CPU
		{5E9463A9-D5C4-49DC-A0D8-E0434835C6AB}.Debug|Any CPU.ActiveCfg = Debug|Any CPU
		{5E9463A9-D5C4-49DC-A0D8-E0434835C6AB}.Debug|Any CPU.Build.0 = Debug|Any CPU
		{5E9463A9-D5C4-49DC-A0D8-E0434835C6AB}.Debug|x64.ActiveCfg = Debug|Any CPU
		{5E9463A9-D5C4-49DC-A0D8-E0434835C6AB}.Debug|x64.Build.0 = Debug|Any CPU
		{5E9463A9-D5C4-49DC-A0D8-E0434835C6AB}.Debug|x86.ActiveCfg = Debug|Any CPU
		{5E9463A9-D5C4-49DC-A0D8-E0434835C6AB}.Debug|x86.Build.0 = Debug|Any CPU
		{5E9463A9-D5C4-49DC-A0D8-E0434835C6AB}.Release|Any CPU.ActiveCfg = Release|Any CPU
		{5E9463A9-D5C4-49DC-A0D8-E0434835C6AB}.Release|Any CPU.Build.0 = Release|Any CPU
		{5E9463A9-D5C4-49DC-A0D8-E0434835C6AB}.Release|x64.ActiveCfg = Release|Any CPU
		{5E9463A9-D5C4-49DC-A0D8-E0434835C6AB}.Release|x64.Build.0 = Release|Any CPU
		{5E9463A9-D5C4-49DC-A0D8-E0434835C6AB}.Release|x86.ActiveCfg = Release|Any CPU
		{5E9463A9-D5C4-49DC-A0D8-E0434835C6AB}.Release|x86.Build.0 = Release|Any CPU
		{56E372E1-2286-49CD-A75B-1F228FA50417}.Debug|Any CPU.ActiveCfg = Debug|Any CPU
		{56E372E1-2286-49CD-A75B-1F228FA50417}.Debug|Any CPU.Build.0 = Debug|Any CPU
		{56E372E1-2286-49CD-A75B-1F228FA50417}.Debug|x64.ActiveCfg = Debug|Any CPU
		{56E372E1-2286-49CD-A75B-1F228FA50417}.Debug|x64.Build.0 = Debug|Any CPU
		{56E372E1-2286-49CD-A75B-1F228FA50417}.Debug|x86.ActiveCfg = Debug|Any CPU
		{56E372E1-2286-49CD-A75B-1F228FA50417}.Debug|x86.Build.0 = Debug|Any CPU
		{56E372E1-2286-49CD-A75B-1F228FA50417}.Release|Any CPU.ActiveCfg = Release|Any CPU
		{56E372E1-2286-49CD-A75B-1F228FA50417}.Release|Any CPU.Build.0 = Release|Any CPU
		{56E372E1-2286-49CD-A75B-1F228FA50417}.Release|x64.ActiveCfg = Release|Any CPU
		{56E372E1-2286-49CD-A75B-1F228FA50417}.Release|x64.Build.0 = Release|Any CPU
		{56E372E1-2286-49CD-A75B-1F228FA50417}.Release|x86.ActiveCfg = Release|Any CPU
		{56E372E1-2286-49CD-A75B-1F228FA50417}.Release|x86.Build.0 = Release|Any CPU
		{7121670A-1E0E-4A81-A306-C070C38BC69C}.Debug|Any CPU.ActiveCfg = Debug|Any CPU
		{7121670A-1E0E-4A81-A306-C070C38BC69C}.Debug|Any CPU.Build.0 = Debug|Any CPU
		{7121670A-1E0E-4A81-A306-C070C38BC69C}.Debug|x64.ActiveCfg = Debug|Any CPU
		{7121670A-1E0E-4A81-A306-C070C38BC69C}.Debug|x64.Build.0 = Debug|Any CPU
		{7121670A-1E0E-4A81-A306-C070C38BC69C}.Debug|x86.ActiveCfg = Debug|Any CPU
		{7121670A-1E0E-4A81-A306-C070C38BC69C}.Debug|x86.Build.0 = Debug|Any CPU
		{7121670A-1E0E-4A81-A306-C070C38BC69C}.Release|Any CPU.ActiveCfg = Release|Any CPU
		{7121670A-1E0E-4A81-A306-C070C38BC69C}.Release|Any CPU.Build.0 = Release|Any CPU
		{7121670A-1E0E-4A81-A306-C070C38BC69C}.Release|x64.ActiveCfg = Release|Any CPU
		{7121670A-1E0E-4A81-A306-C070C38BC69C}.Release|x64.Build.0 = Release|Any CPU
		{7121670A-1E0E-4A81-A306-C070C38BC69C}.Release|x86.ActiveCfg = Release|Any CPU
		{7121670A-1E0E-4A81-A306-C070C38BC69C}.Release|x86.Build.0 = Release|Any CPU
		{2AD26002-54E1-465D-9526-D5CEFD4FEF49}.Debug|Any CPU.ActiveCfg = Debug|Any CPU
		{2AD26002-54E1-465D-9526-D5CEFD4FEF49}.Debug|Any CPU.Build.0 = Debug|Any CPU
		{2AD26002-54E1-465D-9526-D5CEFD4FEF49}.Debug|x64.ActiveCfg = Debug|Any CPU
		{2AD26002-54E1-465D-9526-D5CEFD4FEF49}.Debug|x64.Build.0 = Debug|Any CPU
		{2AD26002-54E1-465D-9526-D5CEFD4FEF49}.Debug|x86.ActiveCfg = Debug|Any CPU
		{2AD26002-54E1-465D-9526-D5CEFD4FEF49}.Debug|x86.Build.0 = Debug|Any CPU
		{2AD26002-54E1-465D-9526-D5CEFD4FEF49}.Release|Any CPU.ActiveCfg = Release|Any CPU
		{2AD26002-54E1-465D-9526-D5CEFD4FEF49}.Release|Any CPU.Build.0 = Release|Any CPU
		{2AD26002-54E1-465D-9526-D5CEFD4FEF49}.Release|x64.ActiveCfg = Release|Any CPU
		{2AD26002-54E1-465D-9526-D5CEFD4FEF49}.Release|x64.Build.0 = Release|Any CPU
		{2AD26002-54E1-465D-9526-D5CEFD4FEF49}.Release|x86.ActiveCfg = Release|Any CPU
		{2AD26002-54E1-465D-9526-D5CEFD4FEF49}.Release|x86.Build.0 = Release|Any CPU
		{7A2AF9AB-4DEA-4490-AAD0-5DF3B440D9F5}.Debug|Any CPU.ActiveCfg = Debug|Any CPU
		{7A2AF9AB-4DEA-4490-AAD0-5DF3B440D9F5}.Debug|Any CPU.Build.0 = Debug|Any CPU
		{7A2AF9AB-4DEA-4490-AAD0-5DF3B440D9F5}.Debug|x64.ActiveCfg = Debug|Any CPU
		{7A2AF9AB-4DEA-4490-AAD0-5DF3B440D9F5}.Debug|x64.Build.0 = Debug|Any CPU
		{7A2AF9AB-4DEA-4490-AAD0-5DF3B440D9F5}.Debug|x86.ActiveCfg = Debug|Any CPU
		{7A2AF9AB-4DEA-4490-AAD0-5DF3B440D9F5}.Debug|x86.Build.0 = Debug|Any CPU
		{7A2AF9AB-4DEA-4490-AAD0-5DF3B440D9F5}.Release|Any CPU.ActiveCfg = Release|Any CPU
		{7A2AF9AB-4DEA-4490-AAD0-5DF3B440D9F5}.Release|Any CPU.Build.0 = Release|Any CPU
		{7A2AF9AB-4DEA-4490-AAD0-5DF3B440D9F5}.Release|x64.ActiveCfg = Release|Any CPU
		{7A2AF9AB-4DEA-4490-AAD0-5DF3B440D9F5}.Release|x64.Build.0 = Release|Any CPU
		{7A2AF9AB-4DEA-4490-AAD0-5DF3B440D9F5}.Release|x86.ActiveCfg = Release|Any CPU
		{7A2AF9AB-4DEA-4490-AAD0-5DF3B440D9F5}.Release|x86.Build.0 = Release|Any CPU
		{397080D0-7BD6-4722-AD80-83C6F5B4D245}.Debug|Any CPU.ActiveCfg = Debug|Any CPU
		{397080D0-7BD6-4722-AD80-83C6F5B4D245}.Debug|Any CPU.Build.0 = Debug|Any CPU
		{397080D0-7BD6-4722-AD80-83C6F5B4D245}.Debug|x64.ActiveCfg = Debug|Any CPU
		{397080D0-7BD6-4722-AD80-83C6F5B4D245}.Debug|x64.Build.0 = Debug|Any CPU
		{397080D0-7BD6-4722-AD80-83C6F5B4D245}.Debug|x86.ActiveCfg = Debug|Any CPU
		{397080D0-7BD6-4722-AD80-83C6F5B4D245}.Debug|x86.Build.0 = Debug|Any CPU
		{397080D0-7BD6-4722-AD80-83C6F5B4D245}.Release|Any CPU.ActiveCfg = Release|Any CPU
		{397080D0-7BD6-4722-AD80-83C6F5B4D245}.Release|Any CPU.Build.0 = Release|Any CPU
		{397080D0-7BD6-4722-AD80-83C6F5B4D245}.Release|x64.ActiveCfg = Release|Any CPU
		{397080D0-7BD6-4722-AD80-83C6F5B4D245}.Release|x64.Build.0 = Release|Any CPU
		{397080D0-7BD6-4722-AD80-83C6F5B4D245}.Release|x86.ActiveCfg = Release|Any CPU
		{397080D0-7BD6-4722-AD80-83C6F5B4D245}.Release|x86.Build.0 = Release|Any CPU
		{39682D2B-5898-4C12-9962-EF94EA07172B}.Debug|Any CPU.ActiveCfg = Debug|Any CPU
		{39682D2B-5898-4C12-9962-EF94EA07172B}.Debug|Any CPU.Build.0 = Debug|Any CPU
		{39682D2B-5898-4C12-9962-EF94EA07172B}.Debug|x64.ActiveCfg = Debug|Any CPU
		{39682D2B-5898-4C12-9962-EF94EA07172B}.Debug|x64.Build.0 = Debug|Any CPU
		{39682D2B-5898-4C12-9962-EF94EA07172B}.Debug|x86.ActiveCfg = Debug|Any CPU
		{39682D2B-5898-4C12-9962-EF94EA07172B}.Debug|x86.Build.0 = Debug|Any CPU
		{39682D2B-5898-4C12-9962-EF94EA07172B}.Release|Any CPU.ActiveCfg = Release|Any CPU
		{39682D2B-5898-4C12-9962-EF94EA07172B}.Release|Any CPU.Build.0 = Release|Any CPU
		{39682D2B-5898-4C12-9962-EF94EA07172B}.Release|x64.ActiveCfg = Release|Any CPU
		{39682D2B-5898-4C12-9962-EF94EA07172B}.Release|x64.Build.0 = Release|Any CPU
		{39682D2B-5898-4C12-9962-EF94EA07172B}.Release|x86.ActiveCfg = Release|Any CPU
		{39682D2B-5898-4C12-9962-EF94EA07172B}.Release|x86.Build.0 = Release|Any CPU
		{FF9FE38C-46C6-4A5D-AB25-E35708B27053}.Debug|Any CPU.ActiveCfg = Debug|Any CPU
		{FF9FE38C-46C6-4A5D-AB25-E35708B27053}.Debug|Any CPU.Build.0 = Debug|Any CPU
		{FF9FE38C-46C6-4A5D-AB25-E35708B27053}.Debug|x64.ActiveCfg = Debug|Any CPU
		{FF9FE38C-46C6-4A5D-AB25-E35708B27053}.Debug|x64.Build.0 = Debug|Any CPU
		{FF9FE38C-46C6-4A5D-AB25-E35708B27053}.Debug|x86.ActiveCfg = Debug|Any CPU
		{FF9FE38C-46C6-4A5D-AB25-E35708B27053}.Debug|x86.Build.0 = Debug|Any CPU
		{FF9FE38C-46C6-4A5D-AB25-E35708B27053}.Release|Any CPU.ActiveCfg = Release|Any CPU
		{FF9FE38C-46C6-4A5D-AB25-E35708B27053}.Release|Any CPU.Build.0 = Release|Any CPU
		{FF9FE38C-46C6-4A5D-AB25-E35708B27053}.Release|x64.ActiveCfg = Release|Any CPU
		{FF9FE38C-46C6-4A5D-AB25-E35708B27053}.Release|x64.Build.0 = Release|Any CPU
		{FF9FE38C-46C6-4A5D-AB25-E35708B27053}.Release|x86.ActiveCfg = Release|Any CPU
		{FF9FE38C-46C6-4A5D-AB25-E35708B27053}.Release|x86.Build.0 = Release|Any CPU
		{1E945C6A-2086-4842-A5B1-AE2A14D56A74}.Debug|Any CPU.ActiveCfg = Debug|Any CPU
		{1E945C6A-2086-4842-A5B1-AE2A14D56A74}.Debug|Any CPU.Build.0 = Debug|Any CPU
		{1E945C6A-2086-4842-A5B1-AE2A14D56A74}.Debug|x64.ActiveCfg = Debug|Any CPU
		{1E945C6A-2086-4842-A5B1-AE2A14D56A74}.Debug|x64.Build.0 = Debug|Any CPU
		{1E945C6A-2086-4842-A5B1-AE2A14D56A74}.Debug|x86.ActiveCfg = Debug|Any CPU
		{1E945C6A-2086-4842-A5B1-AE2A14D56A74}.Debug|x86.Build.0 = Debug|Any CPU
		{1E945C6A-2086-4842-A5B1-AE2A14D56A74}.Release|Any CPU.ActiveCfg = Release|Any CPU
		{1E945C6A-2086-4842-A5B1-AE2A14D56A74}.Release|Any CPU.Build.0 = Release|Any CPU
		{1E945C6A-2086-4842-A5B1-AE2A14D56A74}.Release|x64.ActiveCfg = Release|Any CPU
		{1E945C6A-2086-4842-A5B1-AE2A14D56A74}.Release|x64.Build.0 = Release|Any CPU
		{1E945C6A-2086-4842-A5B1-AE2A14D56A74}.Release|x86.ActiveCfg = Release|Any CPU
		{1E945C6A-2086-4842-A5B1-AE2A14D56A74}.Release|x86.Build.0 = Release|Any CPU
		{84503858-5757-4BA1-B346-06B2CBDA0A09}.Debug|Any CPU.ActiveCfg = Debug|Any CPU
		{84503858-5757-4BA1-B346-06B2CBDA0A09}.Debug|Any CPU.Build.0 = Debug|Any CPU
		{84503858-5757-4BA1-B346-06B2CBDA0A09}.Debug|x64.ActiveCfg = Debug|Any CPU
		{84503858-5757-4BA1-B346-06B2CBDA0A09}.Debug|x64.Build.0 = Debug|Any CPU
		{84503858-5757-4BA1-B346-06B2CBDA0A09}.Debug|x86.ActiveCfg = Debug|Any CPU
		{84503858-5757-4BA1-B346-06B2CBDA0A09}.Debug|x86.Build.0 = Debug|Any CPU
		{84503858-5757-4BA1-B346-06B2CBDA0A09}.Release|Any CPU.ActiveCfg = Release|Any CPU
		{84503858-5757-4BA1-B346-06B2CBDA0A09}.Release|Any CPU.Build.0 = Release|Any CPU
		{84503858-5757-4BA1-B346-06B2CBDA0A09}.Release|x64.ActiveCfg = Release|Any CPU
		{84503858-5757-4BA1-B346-06B2CBDA0A09}.Release|x64.Build.0 = Release|Any CPU
		{84503858-5757-4BA1-B346-06B2CBDA0A09}.Release|x86.ActiveCfg = Release|Any CPU
		{84503858-5757-4BA1-B346-06B2CBDA0A09}.Release|x86.Build.0 = Release|Any CPU
	EndGlobalSection
	GlobalSection(SolutionProperties) = preSolution
		HideSolutionNode = FALSE
	EndGlobalSection
	GlobalSection(ExtensibilityGlobals) = postSolution
		SolutionGuid = {2D32E052-CB7F-47F2-9C2F-E80E72054A2D}
	EndGlobalSection
EndGlobal
