
Microsoft Visual Studio Solution File, Format Version 12.00
# Visual Studio Version 17
VisualStudioVersion = 17.7.34031.279
MinimumVisualStudioVersion = 10.0.40219.1
Project("{9A19103F-16F7-4668-BE54-9A1E7A4F7556}") = "SharpContainerProg", "..\..\SharpContainer\SharpContainerProg\SharpContainerProg.csproj", "{295E8BE5-63B4-4FB8-A4C7-17D471351887}"
EndProject
Project("{9A19103F-16F7-4668-BE54-9A1E7A4F7556}") = "SharpRepoServiceProg", "..\..\SharpRepoService\SharpRepoServiceProg\SharpRepoServiceProg.csproj", "{52B95F84-4158-4F2E-B840-4EEF50B9FBBD}"
EndProject
Project("{9A19103F-16F7-4668-BE54-9A1E7A4F7556}") = "SharpSetup21ProgPrivate", "..\..\..\22_projects\SharpSetup21ProgPrivate\SharpSetup21ProgPrivate.csproj", "{7E4BDDBD-0C86-47AD-9087-F41BAB0B0D91}"
EndProject
Project("{FAE04EC0-301F-11D3-BF4B-00C04F79EFBC}") = "SharpTtsServiceTests", "SharpTtsServiceTests.csproj", "{F30C8EEF-E450-43AC-8C5D-0139BDC0FE80}"
EndProject
Project("{FAE04EC0-301F-11D3-BF4B-00C04F79EFBC}") = "SharpTtsServiceProg", "..\SharpTtsServiceProg\SharpTtsServiceProg.csproj", "{E5B34517-D16F-42E0-8676-51728FBF4ED8}"
EndProject
Project("{FAE04EC0-301F-11D3-BF4B-00C04F79EFBC}") = "SharpTtsServiceProg2", "..\SharpTtsServiceProg2\SharpTtsServiceProg2.csproj", "{E51FC622-C366-4422-99AA-40288B21FEA1}"
EndProject
Global
	GlobalSection(SolutionConfigurationPlatforms) = preSolution
		Debug|Any CPU = Debug|Any CPU
		Release|Any CPU = Release|Any CPU
	EndGlobalSection
	GlobalSection(ProjectConfigurationPlatforms) = postSolution
		{295E8BE5-63B4-4FB8-A4C7-17D471351887}.Debug|Any CPU.ActiveCfg = Debug|Any CPU
		{295E8BE5-63B4-4FB8-A4C7-17D471351887}.Debug|Any CPU.Build.0 = Debug|Any CPU
		{295E8BE5-63B4-4FB8-A4C7-17D471351887}.Release|Any CPU.ActiveCfg = Release|Any CPU
		{295E8BE5-63B4-4FB8-A4C7-17D471351887}.Release|Any CPU.Build.0 = Release|Any CPU
		{52B95F84-4158-4F2E-B840-4EEF50B9FBBD}.Debug|Any CPU.ActiveCfg = Debug|Any CPU
		{52B95F84-4158-4F2E-B840-4EEF50B9FBBD}.Debug|Any CPU.Build.0 = Debug|Any CPU
		{52B95F84-4158-4F2E-B840-4EEF50B9FBBD}.Release|Any CPU.ActiveCfg = Release|Any CPU
		{52B95F84-4158-4F2E-B840-4EEF50B9FBBD}.Release|Any CPU.Build.0 = Release|Any CPU
		{7E4BDDBD-0C86-47AD-9087-F41BAB0B0D91}.Debug|Any CPU.ActiveCfg = Debug|Any CPU
		{7E4BDDBD-0C86-47AD-9087-F41BAB0B0D91}.Debug|Any CPU.Build.0 = Debug|Any CPU
		{7E4BDDBD-0C86-47AD-9087-F41BAB0B0D91}.Release|Any CPU.ActiveCfg = Release|Any CPU
		{7E4BDDBD-0C86-47AD-9087-F41BAB0B0D91}.Release|Any CPU.Build.0 = Release|Any CPU
		{F30C8EEF-E450-43AC-8C5D-0139BDC0FE80}.Debug|Any CPU.ActiveCfg = Debug|Any CPU
		{F30C8EEF-E450-43AC-8C5D-0139BDC0FE80}.Debug|Any CPU.Build.0 = Debug|Any CPU
		{F30C8EEF-E450-43AC-8C5D-0139BDC0FE80}.Release|Any CPU.ActiveCfg = Release|Any CPU
		{F30C8EEF-E450-43AC-8C5D-0139BDC0FE80}.Release|Any CPU.Build.0 = Release|Any CPU
		{E5B34517-D16F-42E0-8676-51728FBF4ED8}.Debug|Any CPU.ActiveCfg = Debug|Any CPU
		{E5B34517-D16F-42E0-8676-51728FBF4ED8}.Debug|Any CPU.Build.0 = Debug|Any CPU
		{E5B34517-D16F-42E0-8676-51728FBF4ED8}.Release|Any CPU.ActiveCfg = Release|Any CPU
		{E5B34517-D16F-42E0-8676-51728FBF4ED8}.Release|Any CPU.Build.0 = Release|Any CPU
		{E51FC622-C366-4422-99AA-40288B21FEA1}.Debug|Any CPU.ActiveCfg = Debug|Any CPU
		{E51FC622-C366-4422-99AA-40288B21FEA1}.Debug|Any CPU.Build.0 = Debug|Any CPU
		{E51FC622-C366-4422-99AA-40288B21FEA1}.Release|Any CPU.ActiveCfg = Release|Any CPU
		{E51FC622-C366-4422-99AA-40288B21FEA1}.Release|Any CPU.Build.0 = Release|Any CPU
	EndGlobalSection
	GlobalSection(SolutionProperties) = preSolution
		HideSolutionNode = FALSE
	EndGlobalSection
	GlobalSection(ExtensibilityGlobals) = postSolution
		SolutionGuid = {218EA947-AC2F-4B3D-AF09-25D2316857EB}
	EndGlobalSection
EndGlobal
