
Microsoft Visual Studio Solution File, Format Version 12.00
# Visual Studio Version 17
VisualStudioVersion = 17.8.34330.188
MinimumVisualStudioVersion = 10.0.40219.1
Project("{FAE04EC0-301F-11D3-BF4B-00C04F79EFBC}") = "SharpWebCaptureProg", "SharpWebCaptureProg.csproj", "{5F727691-D30F-4288-9C03-B8B83DE7A71A}"
EndProject
Global
	GlobalSection(SolutionConfigurationPlatforms) = preSolution
		Debug|Any CPU = Debug|Any CPU
		Release|Any CPU = Release|Any CPU
	EndGlobalSection
	GlobalSection(ProjectConfigurationPlatforms) = postSolution
		{5F727691-D30F-4288-9C03-B8B83DE7A71A}.Debug|Any CPU.ActiveCfg = Debug|Any CPU
		{5F727691-D30F-4288-9C03-B8B83DE7A71A}.Debug|Any CPU.Build.0 = Debug|Any CPU
		{5F727691-D30F-4288-9C03-B8B83DE7A71A}.Release|Any CPU.ActiveCfg = Release|Any CPU
		{5F727691-D30F-4288-9C03-B8B83DE7A71A}.Release|Any CPU.Build.0 = Release|Any CPU
	EndGlobalSection
	GlobalSection(SolutionProperties) = preSolution
		HideSolutionNode = FALSE
	EndGlobalSection
	GlobalSection(ExtensibilityGlobals) = postSolution
		SolutionGuid = {90B5BC91-9EB3-431F-9CB5-D541470B6B60}
	EndGlobalSection
EndGlobal
